
Microsoft Visual Studio Solution File, Format Version 12.00
# Visual Studio Version 16
VisualStudioVersion = 16.0.30104.148
MinimumVisualStudioVersion = 10.0.40219.1
Project("{9A19103F-16F7-4668-BE54-9A1E7A4F7556}") = "LotsenApp.Client.Electron", "src\LotsenApp.Client.Electron\LotsenApp.Client.Electron.csproj", "{6863E58B-8313-4564-B4C2-A33319C7AFEA}"
EndProject
Project("{9A19103F-16F7-4668-BE54-9A1E7A4F7556}") = "LotsenApp.Client.Authentication.Api", "src\LotsenApp.Client.Authentication.Api\LotsenApp.Client.Authentication.Api.csproj", "{35870995-0153-4812-AC2E-54FEAEB1F917}"
EndProject
Project("{9A19103F-16F7-4668-BE54-9A1E7A4F7556}") = "LotsenApp.Client.Authentication.Password", "src\LotsenApp.Client.Authentication.Password\LotsenApp.Client.Authentication.Password.csproj", "{2523F92B-585F-44BC-AE1D-1F2B4BD53873}"
EndProject
Project("{9A19103F-16F7-4668-BE54-9A1E7A4F7556}") = "LotsenApp.Client.Authorization", "src\LotsenApp.Client.Authorization\LotsenApp.Client.Authorization.csproj", "{D8CCE83D-CA52-48DB-BC85-88935E5507D2}"
EndProject
Project("{9A19103F-16F7-4668-BE54-9A1E7A4F7556}") = "LotsenApp.Client.Http", "src\LotsenApp.Client.Http\LotsenApp.Client.Http.csproj", "{1A77EA4A-4FEA-4C70-B355-C2A89BB96640}"
EndProject
Project("{9A19103F-16F7-4668-BE54-9A1E7A4F7556}") = "LotsenApp.Client.Cryptography", "src\LotsenApp.Client.Cryptography\LotsenApp.Client.Cryptography.csproj", "{EC893DBF-C211-4148-92A7-8E6DE43EE903}"
EndProject
Project("{9A19103F-16F7-4668-BE54-9A1E7A4F7556}") = "LotsenApp.Client.Authentication.Token", "src\LotsenApp.Client.Authentication.Token\LotsenApp.Client.Authentication.Token.csproj", "{1495C81F-C035-47B4-BEBD-D0F60E12AE3C}"
EndProject
Project("{9A19103F-16F7-4668-BE54-9A1E7A4F7556}") = "LotsenApp.Client.Plugin", "src\LotsenApp.Client.Plugin\LotsenApp.Client.Plugin.csproj", "{81EF1257-C674-4BB3-A973-5DD499F630CA}"
EndProject
Project("{2150E333-8FDC-42A3-9474-1A3956D46DE8}") = "Authentication", "Authentication", "{FCD27DA5-F29D-4F53-AB72-D7EFB6FFB3C3}"
EndProject
Project("{2150E333-8FDC-42A3-9474-1A3956D46DE8}") = "Configuration", "Configuration", "{41A779D8-21D2-4981-AF00-4B98412D5C70}"
EndProject
Project("{2150E333-8FDC-42A3-9474-1A3956D46DE8}") = "Misc", "Misc", "{96240C0B-F791-4307-9E8D-2827247D6EE3}"
EndProject
Project("{9A19103F-16F7-4668-BE54-9A1E7A4F7556}") = "LotsenApp.Client.Authentication.Offline", "src\LotsenApp.Client.Authentication.Offline\LotsenApp.Client.Authentication.Offline.csproj", "{B4F831B6-02DE-4CAB-861F-764EDE26505F}"
EndProject
Project("{2150E333-8FDC-42A3-9474-1A3956D46DE8}") = "Authorization", "Authorization", "{BAB184F0-04AF-4DCF-9ED5-E38ABE560E1F}"
EndProject
Project("{9A19103F-16F7-4668-BE54-9A1E7A4F7556}") = "LotsenApp.Client.TanList", "src\LotsenApp.Client.TanList\LotsenApp.Client.TanList.csproj", "{C4CC4183-2FF7-4306-A035-261A23778A42}"
EndProject
Project("{9A19103F-16F7-4668-BE54-9A1E7A4F7556}") = "LotsenApp.Client.TanList.Test", "test\LotsenApp.Client.TanList.Test\LotsenApp.Client.TanList.Test.csproj", "{AE9D124E-81DB-4DEA-8614-D77D4799947C}"
EndProject
Project("{9A19103F-16F7-4668-BE54-9A1E7A4F7556}") = "LotsenApp.Client.Authentication.DataPassword", "src\LotsenApp.Client.Authentication.DataPassword\LotsenApp.Client.Authentication.DataPassword.csproj", "{533C6D83-4E0A-4B00-9402-5D8627836CA1}"
EndProject
Project("{2150E333-8FDC-42A3-9474-1A3956D46DE8}") = "Project", "Project", "{1403995B-BE86-4755-955B-B7219D42C289}"
EndProject
Project("{9A19103F-16F7-4668-BE54-9A1E7A4F7556}") = "LotsenApp.Client.DataFormat", "src\LotsenApp.Client.DataFormat\LotsenApp.Client.DataFormat.csproj", "{1ADD5D06-A9E9-4E1E-9E23-273C63CBC5DC}"
EndProject
Project("{2150E333-8FDC-42A3-9474-1A3956D46DE8}") = "Participant", "Participant", "{07460BCB-8892-44D9-AD83-BE76669078AD}"
EndProject
Project("{9A19103F-16F7-4668-BE54-9A1E7A4F7556}") = "LotsenApp.Client.Participant", "src\LotsenApp.Client.Participant\LotsenApp.Client.Participant.csproj", "{83DFD7DE-00C0-4F9C-A1D9-E9B86AA43325}"
EndProject
Project("{9A19103F-16F7-4668-BE54-9A1E7A4F7556}") = "LotsenApp.Client.Project", "src\LotsenApp.Client.Project\LotsenApp.Client.Project.csproj", "{9ACA8DBA-F7C7-449E-A074-BB0DA128AE65}"
EndProject
Project("{9A19103F-16F7-4668-BE54-9A1E7A4F7556}") = "LotsenApp.Client.Cryptography.Test", "test\LotsenApp.Client.Cryptography.Test\LotsenApp.Client.Cryptography.Test.csproj", "{F74F24FA-D92B-43CC-9E2C-0134BC6CC1F7}"
EndProject
Project("{9A19103F-16F7-4668-BE54-9A1E7A4F7556}") = "LotsenApp.Client.Participant.Test", "test\LotsenApp.Client.Participant.Test\LotsenApp.Client.Participant.Test.csproj", "{D59EBECA-89CF-4F28-8445-DFE2A20C1DD9}"
EndProject
Project("{2150E333-8FDC-42A3-9474-1A3956D46DE8}") = "Functions", "Functions", "{75937694-67E3-455F-9E27-BAC2C309ED59}"
EndProject
Project("{9A19103F-16F7-4668-BE54-9A1E7A4F7556}") = "LotsenApp.Client.Reminder", "src\LotsenApp.Client.Reminder\LotsenApp.Client.Reminder.csproj", "{A2BAEE45-25B0-44EE-BC27-FF82330FD6B3}"
EndProject
Project("{FAE04EC0-301F-11D3-BF4B-00C04F79EFBC}") = "LotsenApp.Client.Configuration.File", "src\LotsenApp.Client.Configuration.File\LotsenApp.Client.Configuration.File.csproj", "{3217D49B-1E45-4179-B3FB-FA99D28D0270}"
EndProject
Project("{FAE04EC0-301F-11D3-BF4B-00C04F79EFBC}") = "LotsenApp.Client.Configuration.Api", "src\LotsenApp.Client.Configuration.Api\LotsenApp.Client.Configuration.Api.csproj", "{56DDC16C-46AF-4EF4-A014-25BCC6A4E3C6}"
EndProject
Project("{FAE04EC0-301F-11D3-BF4B-00C04F79EFBC}") = "LotsenApp.Client.Configuration.Rest", "src\LotsenApp.Client.Configuration.Rest\LotsenApp.Client.Configuration.Rest.csproj", "{0957406B-96A7-4A38-8B9D-0EA936A8C353}"
EndProject
Project("{FAE04EC0-301F-11D3-BF4B-00C04F79EFBC}") = "LotsenApp.Client.Configuration.Database", "src\LotsenApp.Client.Configuration.Database\LotsenApp.Client.Configuration.Database.csproj", "{FC10FB01-29DF-44EB-91CC-8D2A53F76BD3}"
EndProject
Project("{FAE04EC0-301F-11D3-BF4B-00C04F79EFBC}") = "LotsenApp.Client.DataFormat.File", "src\LotsenApp.Client.DataFormat.File\LotsenApp.Client.DataFormat.File.csproj", "{1DD1F791-F778-4CB5-8BCD-A05C73EE10CC}"
EndProject
Project("{FAE04EC0-301F-11D3-BF4B-00C04F79EFBC}") = "LotsenApp.Client.DataFormat.Database", "src\LotsenApp.Client.DataFormat.Database\LotsenApp.Client.DataFormat.Database.csproj", "{5A03A290-6674-4D5C-A2FE-776C52FCEB5A}"
EndProject
Project("{FAE04EC0-301F-11D3-BF4B-00C04F79EFBC}") = "LotsenApp.Client.DataFormat.Migrations", "src\LotsenApp.Client.DataFormat.Migrations\LotsenApp.Client.DataFormat.Migrations.csproj", "{F8D1EBEB-7559-45D5-A784-7D51C4AF67E8}"
EndProject
Project("{FAE04EC0-301F-11D3-BF4B-00C04F79EFBC}") = "LotsenApp.Client.DataFormat.Migrations.Test", "test\LotsenApp.Client.DataFormat.Migrations.Test\LotsenApp.Client.DataFormat.Migrations.Test.csproj", "{FD9BC61C-11BB-469E-8180-DBDFAE882092}"
EndProject
Project("{FAE04EC0-301F-11D3-BF4B-00C04F79EFBC}") = "LotsenApp.Client.I18N", "src\LotsenApp.Client.I18N\LotsenApp.Client.I18N.csproj", "{D6EE8295-CB5E-4F8E-B0EE-61C24CF5A5E9}"
EndProject
Project("{2150E333-8FDC-42A3-9474-1A3956D46DE8}") = "Tools", "Tools", "{5F735F2A-589E-4B92-BFCD-492C568B06E0}"
EndProject
Project("{FAE04EC0-301F-11D3-BF4B-00C04F79EFBC}") = "LotsenApp.LicenseManager", "tools\LotsenApp.LicenseManager\LotsenApp.LicenseManager.csproj", "{78FA9CD6-2489-4A13-AEF1-F237453EDE81}"
EndProject
Project("{FAE04EC0-301F-11D3-BF4B-00C04F79EFBC}") = "LotsenApp.LicenseManager.Test", "test\LotsenApp.LicenseManager.Test\LotsenApp.LicenseManager.Test.csproj", "{6FFC40BD-34BA-48C1-BF90-C425E70DD696}"
EndProject
Project("{FAE04EC0-301F-11D3-BF4B-00C04F79EFBC}") = "LotsenApp.Client.Programme", "src\LotsenApp.Client.Programme\LotsenApp.Client.Programme.csproj", "{AC35B4AF-02D5-4CFA-822C-4BCF5FD4DDAB}"
EndProject
Project("{FAE04EC0-301F-11D3-BF4B-00C04F79EFBC}") = "LotsenApp.Client.Changelog", "src\LotsenApp.Client.Changelog\LotsenApp.Client.Changelog.csproj", "{EA2A1CAF-1F8B-4532-83C6-F2A34245924F}"
EndProject
Project("{FAE04EC0-301F-11D3-BF4B-00C04F79EFBC}") = "LotsenApp.Client.File", "src\LotsenApp.Client.File\LotsenApp.Client.File.csproj", "{2A263BF5-1263-4125-A77A-0D4CDEB389B4}"
EndProject
Project("{FAE04EC0-301F-11D3-BF4B-00C04F79EFBC}") = "LotsenApp.Client.I18N.Test", "test\LotsenApp.Client.I18N.Test\LotsenApp.Client.I18N.Test.csproj", "{BA800A0C-A1AC-4A85-A97C-7D9EA8223338}"
EndProject
Project("{FAE04EC0-301F-11D3-BF4B-00C04F79EFBC}") = "LotsenApp.Client.DataFormat.Test", "test\LotsenApp.Client.DataFormat.Test\LotsenApp.Client.DataFormat.Test.csproj", "{2ED284FD-C753-42BF-8867-F5A594B92B76}"
EndProject
Project("{FAE04EC0-301F-11D3-BF4B-00C04F79EFBC}") = "LotsenApp.Client.Project.Test", "test\LotsenApp.Client.Project.Test\LotsenApp.Client.Project.Test.csproj", "{2698150C-069E-48F3-9A84-B38E328AA30E}"
EndProject
Project("{FAE04EC0-301F-11D3-BF4B-00C04F79EFBC}") = "LotsenApp.Client.DataFormat.File.Test", "test\LotsenApp.Client.DataFormat.File.Test\LotsenApp.Client.DataFormat.File.Test.csproj", "{4D64189C-263C-4BDF-989C-362A586173E1}"
EndProject
Project("{FAE04EC0-301F-11D3-BF4B-00C04F79EFBC}") = "LotsenApp.VersionManager", "tools\LotsenApp.VersionManager\LotsenApp.VersionManager.csproj", "{1CD6765C-9716-48EC-8912-9D7F36BBE65E}"
EndProject
Project("{FAE04EC0-301F-11D3-BF4B-00C04F79EFBC}") = "LotsenApp.Client.Plugin.Test", "test\LotsenApp.Client.Plugin.Test\LotsenApp.Client.Plugin.Test.csproj", "{0DDEC9A9-B42B-40CA-8FC8-673F44318BC2}"
EndProject
Project("{FAE04EC0-301F-11D3-BF4B-00C04F79EFBC}") = "LotsenApp.Client.Http.Test", "test\LotsenApp.Client.Http.Test\LotsenApp.Client.Http.Test.csproj", "{42BA1A64-1D6E-4F93-9F33-558D3DF5DCCB}"
EndProject
Project("{FAE04EC0-301F-11D3-BF4B-00C04F79EFBC}") = "LotsenApp.Client.DataFormat.Database.Test", "test\LotsenApp.Client.DataFormat.Database.Test\LotsenApp.Client.DataFormat.Database.Test.csproj", "{94882563-519D-46FA-8F37-F26801B87B89}"
EndProject
Project("{FAE04EC0-301F-11D3-BF4B-00C04F79EFBC}") = "LotsenApp.Client.Electron.Test", "test\LotsenApp.Client.Electron.Test\LotsenApp.Client.Electron.Test.csproj", "{8102AA54-E2A4-4ADE-959D-F56DC06CA087}"
EndProject
Project("{FAE04EC0-301F-11D3-BF4B-00C04F79EFBC}") = "LotsenApp.Client.Changelog.Test", "test\LotsenApp.Client.Changelog.Test\LotsenApp.Client.Changelog.Test.csproj", "{6DC068F6-6055-4E0A-9C55-75A78CA08575}"
EndProject
Project("{FAE04EC0-301F-11D3-BF4B-00C04F79EFBC}") = "LotsenApp.Client.Programme.Test", "test\LotsenApp.Client.Programme.Test\LotsenApp.Client.Programme.Test.csproj", "{83DD70F4-8AB3-43DA-80CE-8980B31B656D}"
EndProject
Project("{FAE04EC0-301F-11D3-BF4B-00C04F79EFBC}") = "LotsenApp.Client.Reminder.Test", "test\LotsenApp.Client.Reminder.Test\LotsenApp.Client.Reminder.Test.csproj", "{EC930361-504F-4C31-9766-0937E81083DF}"
EndProject
Global
	GlobalSection(SolutionConfigurationPlatforms) = preSolution
		Debug|Any CPU = Debug|Any CPU
		Debug|ARM = Debug|ARM
		Debug|ARM64 = Debug|ARM64
		Debug|x64 = Debug|x64
		Debug|x86 = Debug|x86
		Release|Any CPU = Release|Any CPU
		Release|ARM = Release|ARM
		Release|ARM64 = Release|ARM64
		Release|x64 = Release|x64
		Release|x86 = Release|x86
	EndGlobalSection
	GlobalSection(ProjectConfigurationPlatforms) = postSolution
		{6863E58B-8313-4564-B4C2-A33319C7AFEA}.Debug|Any CPU.ActiveCfg = Debug|Any CPU
		{6863E58B-8313-4564-B4C2-A33319C7AFEA}.Debug|Any CPU.Build.0 = Debug|Any CPU
		{6863E58B-8313-4564-B4C2-A33319C7AFEA}.Debug|ARM.ActiveCfg = Debug|Any CPU
		{6863E58B-8313-4564-B4C2-A33319C7AFEA}.Debug|ARM.Build.0 = Debug|Any CPU
		{6863E58B-8313-4564-B4C2-A33319C7AFEA}.Debug|ARM64.ActiveCfg = Debug|Any CPU
		{6863E58B-8313-4564-B4C2-A33319C7AFEA}.Debug|ARM64.Build.0 = Debug|Any CPU
		{6863E58B-8313-4564-B4C2-A33319C7AFEA}.Debug|x64.ActiveCfg = Debug|Any CPU
		{6863E58B-8313-4564-B4C2-A33319C7AFEA}.Debug|x64.Build.0 = Debug|Any CPU
		{6863E58B-8313-4564-B4C2-A33319C7AFEA}.Debug|x86.ActiveCfg = Debug|Any CPU
		{6863E58B-8313-4564-B4C2-A33319C7AFEA}.Debug|x86.Build.0 = Debug|Any CPU
		{6863E58B-8313-4564-B4C2-A33319C7AFEA}.Release|Any CPU.ActiveCfg = Release|Any CPU
		{6863E58B-8313-4564-B4C2-A33319C7AFEA}.Release|Any CPU.Build.0 = Release|Any CPU
		{6863E58B-8313-4564-B4C2-A33319C7AFEA}.Release|ARM.ActiveCfg = Release|Any CPU
		{6863E58B-8313-4564-B4C2-A33319C7AFEA}.Release|ARM.Build.0 = Release|Any CPU
		{6863E58B-8313-4564-B4C2-A33319C7AFEA}.Release|ARM64.ActiveCfg = Release|Any CPU
		{6863E58B-8313-4564-B4C2-A33319C7AFEA}.Release|ARM64.Build.0 = Release|Any CPU
		{6863E58B-8313-4564-B4C2-A33319C7AFEA}.Release|x64.ActiveCfg = Release|Any CPU
		{6863E58B-8313-4564-B4C2-A33319C7AFEA}.Release|x64.Build.0 = Release|Any CPU
		{6863E58B-8313-4564-B4C2-A33319C7AFEA}.Release|x86.ActiveCfg = Release|Any CPU
		{6863E58B-8313-4564-B4C2-A33319C7AFEA}.Release|x86.Build.0 = Release|Any CPU
		{35870995-0153-4812-AC2E-54FEAEB1F917}.Debug|Any CPU.ActiveCfg = Debug|Any CPU
		{35870995-0153-4812-AC2E-54FEAEB1F917}.Debug|Any CPU.Build.0 = Debug|Any CPU
		{35870995-0153-4812-AC2E-54FEAEB1F917}.Debug|ARM.ActiveCfg = Debug|Any CPU
		{35870995-0153-4812-AC2E-54FEAEB1F917}.Debug|ARM.Build.0 = Debug|Any CPU
		{35870995-0153-4812-AC2E-54FEAEB1F917}.Debug|ARM64.ActiveCfg = Debug|Any CPU
		{35870995-0153-4812-AC2E-54FEAEB1F917}.Debug|ARM64.Build.0 = Debug|Any CPU
		{35870995-0153-4812-AC2E-54FEAEB1F917}.Debug|x64.ActiveCfg = Debug|Any CPU
		{35870995-0153-4812-AC2E-54FEAEB1F917}.Debug|x64.Build.0 = Debug|Any CPU
		{35870995-0153-4812-AC2E-54FEAEB1F917}.Debug|x86.ActiveCfg = Debug|Any CPU
		{35870995-0153-4812-AC2E-54FEAEB1F917}.Debug|x86.Build.0 = Debug|Any CPU
		{35870995-0153-4812-AC2E-54FEAEB1F917}.Release|Any CPU.ActiveCfg = Release|Any CPU
		{35870995-0153-4812-AC2E-54FEAEB1F917}.Release|Any CPU.Build.0 = Release|Any CPU
		{35870995-0153-4812-AC2E-54FEAEB1F917}.Release|ARM.ActiveCfg = Release|Any CPU
		{35870995-0153-4812-AC2E-54FEAEB1F917}.Release|ARM.Build.0 = Release|Any CPU
		{35870995-0153-4812-AC2E-54FEAEB1F917}.Release|ARM64.ActiveCfg = Release|Any CPU
		{35870995-0153-4812-AC2E-54FEAEB1F917}.Release|ARM64.Build.0 = Release|Any CPU
		{35870995-0153-4812-AC2E-54FEAEB1F917}.Release|x64.ActiveCfg = Release|Any CPU
		{35870995-0153-4812-AC2E-54FEAEB1F917}.Release|x64.Build.0 = Release|Any CPU
		{35870995-0153-4812-AC2E-54FEAEB1F917}.Release|x86.ActiveCfg = Release|Any CPU
		{35870995-0153-4812-AC2E-54FEAEB1F917}.Release|x86.Build.0 = Release|Any CPU
		{2523F92B-585F-44BC-AE1D-1F2B4BD53873}.Debug|Any CPU.ActiveCfg = Debug|Any CPU
		{2523F92B-585F-44BC-AE1D-1F2B4BD53873}.Debug|Any CPU.Build.0 = Debug|Any CPU
		{2523F92B-585F-44BC-AE1D-1F2B4BD53873}.Debug|ARM.ActiveCfg = Debug|Any CPU
		{2523F92B-585F-44BC-AE1D-1F2B4BD53873}.Debug|ARM.Build.0 = Debug|Any CPU
		{2523F92B-585F-44BC-AE1D-1F2B4BD53873}.Debug|ARM64.ActiveCfg = Debug|Any CPU
		{2523F92B-585F-44BC-AE1D-1F2B4BD53873}.Debug|ARM64.Build.0 = Debug|Any CPU
		{2523F92B-585F-44BC-AE1D-1F2B4BD53873}.Debug|x64.ActiveCfg = Debug|Any CPU
		{2523F92B-585F-44BC-AE1D-1F2B4BD53873}.Debug|x64.Build.0 = Debug|Any CPU
		{2523F92B-585F-44BC-AE1D-1F2B4BD53873}.Debug|x86.ActiveCfg = Debug|Any CPU
		{2523F92B-585F-44BC-AE1D-1F2B4BD53873}.Debug|x86.Build.0 = Debug|Any CPU
		{2523F92B-585F-44BC-AE1D-1F2B4BD53873}.Release|Any CPU.ActiveCfg = Release|Any CPU
		{2523F92B-585F-44BC-AE1D-1F2B4BD53873}.Release|Any CPU.Build.0 = Release|Any CPU
		{2523F92B-585F-44BC-AE1D-1F2B4BD53873}.Release|ARM.ActiveCfg = Release|Any CPU
		{2523F92B-585F-44BC-AE1D-1F2B4BD53873}.Release|ARM.Build.0 = Release|Any CPU
		{2523F92B-585F-44BC-AE1D-1F2B4BD53873}.Release|ARM64.ActiveCfg = Release|Any CPU
		{2523F92B-585F-44BC-AE1D-1F2B4BD53873}.Release|ARM64.Build.0 = Release|Any CPU
		{2523F92B-585F-44BC-AE1D-1F2B4BD53873}.Release|x64.ActiveCfg = Release|Any CPU
		{2523F92B-585F-44BC-AE1D-1F2B4BD53873}.Release|x64.Build.0 = Release|Any CPU
		{2523F92B-585F-44BC-AE1D-1F2B4BD53873}.Release|x86.ActiveCfg = Release|Any CPU
		{2523F92B-585F-44BC-AE1D-1F2B4BD53873}.Release|x86.Build.0 = Release|Any CPU
		{D8CCE83D-CA52-48DB-BC85-88935E5507D2}.Debug|Any CPU.ActiveCfg = Debug|Any CPU
		{D8CCE83D-CA52-48DB-BC85-88935E5507D2}.Debug|Any CPU.Build.0 = Debug|Any CPU
		{D8CCE83D-CA52-48DB-BC85-88935E5507D2}.Debug|ARM.ActiveCfg = Debug|Any CPU
		{D8CCE83D-CA52-48DB-BC85-88935E5507D2}.Debug|ARM.Build.0 = Debug|Any CPU
		{D8CCE83D-CA52-48DB-BC85-88935E5507D2}.Debug|ARM64.ActiveCfg = Debug|Any CPU
		{D8CCE83D-CA52-48DB-BC85-88935E5507D2}.Debug|ARM64.Build.0 = Debug|Any CPU
		{D8CCE83D-CA52-48DB-BC85-88935E5507D2}.Debug|x64.ActiveCfg = Debug|Any CPU
		{D8CCE83D-CA52-48DB-BC85-88935E5507D2}.Debug|x64.Build.0 = Debug|Any CPU
		{D8CCE83D-CA52-48DB-BC85-88935E5507D2}.Debug|x86.ActiveCfg = Debug|Any CPU
		{D8CCE83D-CA52-48DB-BC85-88935E5507D2}.Debug|x86.Build.0 = Debug|Any CPU
		{D8CCE83D-CA52-48DB-BC85-88935E5507D2}.Release|Any CPU.ActiveCfg = Release|Any CPU
		{D8CCE83D-CA52-48DB-BC85-88935E5507D2}.Release|Any CPU.Build.0 = Release|Any CPU
		{D8CCE83D-CA52-48DB-BC85-88935E5507D2}.Release|ARM.ActiveCfg = Release|Any CPU
		{D8CCE83D-CA52-48DB-BC85-88935E5507D2}.Release|ARM.Build.0 = Release|Any CPU
		{D8CCE83D-CA52-48DB-BC85-88935E5507D2}.Release|ARM64.ActiveCfg = Release|Any CPU
		{D8CCE83D-CA52-48DB-BC85-88935E5507D2}.Release|ARM64.Build.0 = Release|Any CPU
		{D8CCE83D-CA52-48DB-BC85-88935E5507D2}.Release|x64.ActiveCfg = Release|Any CPU
		{D8CCE83D-CA52-48DB-BC85-88935E5507D2}.Release|x64.Build.0 = Release|Any CPU
		{D8CCE83D-CA52-48DB-BC85-88935E5507D2}.Release|x86.ActiveCfg = Release|Any CPU
		{D8CCE83D-CA52-48DB-BC85-88935E5507D2}.Release|x86.Build.0 = Release|Any CPU
		{1A77EA4A-4FEA-4C70-B355-C2A89BB96640}.Debug|Any CPU.ActiveCfg = Debug|Any CPU
		{1A77EA4A-4FEA-4C70-B355-C2A89BB96640}.Debug|Any CPU.Build.0 = Debug|Any CPU
		{1A77EA4A-4FEA-4C70-B355-C2A89BB96640}.Debug|ARM.ActiveCfg = Debug|Any CPU
		{1A77EA4A-4FEA-4C70-B355-C2A89BB96640}.Debug|ARM.Build.0 = Debug|Any CPU
		{1A77EA4A-4FEA-4C70-B355-C2A89BB96640}.Debug|ARM64.ActiveCfg = Debug|Any CPU
		{1A77EA4A-4FEA-4C70-B355-C2A89BB96640}.Debug|ARM64.Build.0 = Debug|Any CPU
		{1A77EA4A-4FEA-4C70-B355-C2A89BB96640}.Debug|x64.ActiveCfg = Debug|Any CPU
		{1A77EA4A-4FEA-4C70-B355-C2A89BB96640}.Debug|x64.Build.0 = Debug|Any CPU
		{1A77EA4A-4FEA-4C70-B355-C2A89BB96640}.Debug|x86.ActiveCfg = Debug|Any CPU
		{1A77EA4A-4FEA-4C70-B355-C2A89BB96640}.Debug|x86.Build.0 = Debug|Any CPU
		{1A77EA4A-4FEA-4C70-B355-C2A89BB96640}.Release|Any CPU.ActiveCfg = Release|Any CPU
		{1A77EA4A-4FEA-4C70-B355-C2A89BB96640}.Release|Any CPU.Build.0 = Release|Any CPU
		{1A77EA4A-4FEA-4C70-B355-C2A89BB96640}.Release|ARM.ActiveCfg = Release|Any CPU
		{1A77EA4A-4FEA-4C70-B355-C2A89BB96640}.Release|ARM.Build.0 = Release|Any CPU
		{1A77EA4A-4FEA-4C70-B355-C2A89BB96640}.Release|ARM64.ActiveCfg = Release|Any CPU
		{1A77EA4A-4FEA-4C70-B355-C2A89BB96640}.Release|ARM64.Build.0 = Release|Any CPU
		{1A77EA4A-4FEA-4C70-B355-C2A89BB96640}.Release|x64.ActiveCfg = Release|Any CPU
		{1A77EA4A-4FEA-4C70-B355-C2A89BB96640}.Release|x64.Build.0 = Release|Any CPU
		{1A77EA4A-4FEA-4C70-B355-C2A89BB96640}.Release|x86.ActiveCfg = Release|Any CPU
		{1A77EA4A-4FEA-4C70-B355-C2A89BB96640}.Release|x86.Build.0 = Release|Any CPU
		{EC893DBF-C211-4148-92A7-8E6DE43EE903}.Debug|Any CPU.ActiveCfg = Debug|Any CPU
		{EC893DBF-C211-4148-92A7-8E6DE43EE903}.Debug|Any CPU.Build.0 = Debug|Any CPU
		{EC893DBF-C211-4148-92A7-8E6DE43EE903}.Debug|ARM.ActiveCfg = Debug|Any CPU
		{EC893DBF-C211-4148-92A7-8E6DE43EE903}.Debug|ARM.Build.0 = Debug|Any CPU
		{EC893DBF-C211-4148-92A7-8E6DE43EE903}.Debug|ARM64.ActiveCfg = Debug|Any CPU
		{EC893DBF-C211-4148-92A7-8E6DE43EE903}.Debug|ARM64.Build.0 = Debug|Any CPU
		{EC893DBF-C211-4148-92A7-8E6DE43EE903}.Debug|x64.ActiveCfg = Debug|Any CPU
		{EC893DBF-C211-4148-92A7-8E6DE43EE903}.Debug|x64.Build.0 = Debug|Any CPU
		{EC893DBF-C211-4148-92A7-8E6DE43EE903}.Debug|x86.ActiveCfg = Debug|Any CPU
		{EC893DBF-C211-4148-92A7-8E6DE43EE903}.Debug|x86.Build.0 = Debug|Any CPU
		{EC893DBF-C211-4148-92A7-8E6DE43EE903}.Release|Any CPU.ActiveCfg = Release|Any CPU
		{EC893DBF-C211-4148-92A7-8E6DE43EE903}.Release|Any CPU.Build.0 = Release|Any CPU
		{EC893DBF-C211-4148-92A7-8E6DE43EE903}.Release|ARM.ActiveCfg = Release|Any CPU
		{EC893DBF-C211-4148-92A7-8E6DE43EE903}.Release|ARM.Build.0 = Release|Any CPU
		{EC893DBF-C211-4148-92A7-8E6DE43EE903}.Release|ARM64.ActiveCfg = Release|Any CPU
		{EC893DBF-C211-4148-92A7-8E6DE43EE903}.Release|ARM64.Build.0 = Release|Any CPU
		{EC893DBF-C211-4148-92A7-8E6DE43EE903}.Release|x64.ActiveCfg = Release|Any CPU
		{EC893DBF-C211-4148-92A7-8E6DE43EE903}.Release|x64.Build.0 = Release|Any CPU
		{EC893DBF-C211-4148-92A7-8E6DE43EE903}.Release|x86.ActiveCfg = Release|Any CPU
		{EC893DBF-C211-4148-92A7-8E6DE43EE903}.Release|x86.Build.0 = Release|Any CPU
		{1495C81F-C035-47B4-BEBD-D0F60E12AE3C}.Debug|Any CPU.ActiveCfg = Debug|Any CPU
		{1495C81F-C035-47B4-BEBD-D0F60E12AE3C}.Debug|Any CPU.Build.0 = Debug|Any CPU
		{1495C81F-C035-47B4-BEBD-D0F60E12AE3C}.Debug|ARM.ActiveCfg = Debug|Any CPU
		{1495C81F-C035-47B4-BEBD-D0F60E12AE3C}.Debug|ARM.Build.0 = Debug|Any CPU
		{1495C81F-C035-47B4-BEBD-D0F60E12AE3C}.Debug|ARM64.ActiveCfg = Debug|Any CPU
		{1495C81F-C035-47B4-BEBD-D0F60E12AE3C}.Debug|ARM64.Build.0 = Debug|Any CPU
		{1495C81F-C035-47B4-BEBD-D0F60E12AE3C}.Debug|x64.ActiveCfg = Debug|Any CPU
		{1495C81F-C035-47B4-BEBD-D0F60E12AE3C}.Debug|x64.Build.0 = Debug|Any CPU
		{1495C81F-C035-47B4-BEBD-D0F60E12AE3C}.Debug|x86.ActiveCfg = Debug|Any CPU
		{1495C81F-C035-47B4-BEBD-D0F60E12AE3C}.Debug|x86.Build.0 = Debug|Any CPU
		{1495C81F-C035-47B4-BEBD-D0F60E12AE3C}.Release|Any CPU.ActiveCfg = Release|Any CPU
		{1495C81F-C035-47B4-BEBD-D0F60E12AE3C}.Release|Any CPU.Build.0 = Release|Any CPU
		{1495C81F-C035-47B4-BEBD-D0F60E12AE3C}.Release|ARM.ActiveCfg = Release|Any CPU
		{1495C81F-C035-47B4-BEBD-D0F60E12AE3C}.Release|ARM.Build.0 = Release|Any CPU
		{1495C81F-C035-47B4-BEBD-D0F60E12AE3C}.Release|ARM64.ActiveCfg = Release|Any CPU
		{1495C81F-C035-47B4-BEBD-D0F60E12AE3C}.Release|ARM64.Build.0 = Release|Any CPU
		{1495C81F-C035-47B4-BEBD-D0F60E12AE3C}.Release|x64.ActiveCfg = Release|Any CPU
		{1495C81F-C035-47B4-BEBD-D0F60E12AE3C}.Release|x64.Build.0 = Release|Any CPU
		{1495C81F-C035-47B4-BEBD-D0F60E12AE3C}.Release|x86.ActiveCfg = Release|Any CPU
		{1495C81F-C035-47B4-BEBD-D0F60E12AE3C}.Release|x86.Build.0 = Release|Any CPU
		{81EF1257-C674-4BB3-A973-5DD499F630CA}.Debug|Any CPU.ActiveCfg = Debug|Any CPU
		{81EF1257-C674-4BB3-A973-5DD499F630CA}.Debug|Any CPU.Build.0 = Debug|Any CPU
		{81EF1257-C674-4BB3-A973-5DD499F630CA}.Debug|ARM.ActiveCfg = Debug|Any CPU
		{81EF1257-C674-4BB3-A973-5DD499F630CA}.Debug|ARM.Build.0 = Debug|Any CPU
		{81EF1257-C674-4BB3-A973-5DD499F630CA}.Debug|ARM64.ActiveCfg = Debug|Any CPU
		{81EF1257-C674-4BB3-A973-5DD499F630CA}.Debug|ARM64.Build.0 = Debug|Any CPU
		{81EF1257-C674-4BB3-A973-5DD499F630CA}.Debug|x64.ActiveCfg = Debug|Any CPU
		{81EF1257-C674-4BB3-A973-5DD499F630CA}.Debug|x64.Build.0 = Debug|Any CPU
		{81EF1257-C674-4BB3-A973-5DD499F630CA}.Debug|x86.ActiveCfg = Debug|Any CPU
		{81EF1257-C674-4BB3-A973-5DD499F630CA}.Debug|x86.Build.0 = Debug|Any CPU
		{81EF1257-C674-4BB3-A973-5DD499F630CA}.Release|Any CPU.ActiveCfg = Release|Any CPU
		{81EF1257-C674-4BB3-A973-5DD499F630CA}.Release|Any CPU.Build.0 = Release|Any CPU
		{81EF1257-C674-4BB3-A973-5DD499F630CA}.Release|ARM.ActiveCfg = Release|Any CPU
		{81EF1257-C674-4BB3-A973-5DD499F630CA}.Release|ARM.Build.0 = Release|Any CPU
		{81EF1257-C674-4BB3-A973-5DD499F630CA}.Release|ARM64.ActiveCfg = Release|Any CPU
		{81EF1257-C674-4BB3-A973-5DD499F630CA}.Release|ARM64.Build.0 = Release|Any CPU
		{81EF1257-C674-4BB3-A973-5DD499F630CA}.Release|x64.ActiveCfg = Release|Any CPU
		{81EF1257-C674-4BB3-A973-5DD499F630CA}.Release|x64.Build.0 = Release|Any CPU
		{81EF1257-C674-4BB3-A973-5DD499F630CA}.Release|x86.ActiveCfg = Release|Any CPU
		{81EF1257-C674-4BB3-A973-5DD499F630CA}.Release|x86.Build.0 = Release|Any CPU
		{B4F831B6-02DE-4CAB-861F-764EDE26505F}.Debug|Any CPU.ActiveCfg = Debug|Any CPU
		{B4F831B6-02DE-4CAB-861F-764EDE26505F}.Debug|Any CPU.Build.0 = Debug|Any CPU
		{B4F831B6-02DE-4CAB-861F-764EDE26505F}.Debug|ARM.ActiveCfg = Debug|Any CPU
		{B4F831B6-02DE-4CAB-861F-764EDE26505F}.Debug|ARM.Build.0 = Debug|Any CPU
		{B4F831B6-02DE-4CAB-861F-764EDE26505F}.Debug|ARM64.ActiveCfg = Debug|Any CPU
		{B4F831B6-02DE-4CAB-861F-764EDE26505F}.Debug|ARM64.Build.0 = Debug|Any CPU
		{B4F831B6-02DE-4CAB-861F-764EDE26505F}.Debug|x64.ActiveCfg = Debug|Any CPU
		{B4F831B6-02DE-4CAB-861F-764EDE26505F}.Debug|x64.Build.0 = Debug|Any CPU
		{B4F831B6-02DE-4CAB-861F-764EDE26505F}.Debug|x86.ActiveCfg = Debug|Any CPU
		{B4F831B6-02DE-4CAB-861F-764EDE26505F}.Debug|x86.Build.0 = Debug|Any CPU
		{B4F831B6-02DE-4CAB-861F-764EDE26505F}.Release|Any CPU.ActiveCfg = Release|Any CPU
		{B4F831B6-02DE-4CAB-861F-764EDE26505F}.Release|Any CPU.Build.0 = Release|Any CPU
		{B4F831B6-02DE-4CAB-861F-764EDE26505F}.Release|ARM.ActiveCfg = Release|Any CPU
		{B4F831B6-02DE-4CAB-861F-764EDE26505F}.Release|ARM.Build.0 = Release|Any CPU
		{B4F831B6-02DE-4CAB-861F-764EDE26505F}.Release|ARM64.ActiveCfg = Release|Any CPU
		{B4F831B6-02DE-4CAB-861F-764EDE26505F}.Release|ARM64.Build.0 = Release|Any CPU
		{B4F831B6-02DE-4CAB-861F-764EDE26505F}.Release|x64.ActiveCfg = Release|Any CPU
		{B4F831B6-02DE-4CAB-861F-764EDE26505F}.Release|x64.Build.0 = Release|Any CPU
		{B4F831B6-02DE-4CAB-861F-764EDE26505F}.Release|x86.ActiveCfg = Release|Any CPU
		{B4F831B6-02DE-4CAB-861F-764EDE26505F}.Release|x86.Build.0 = Release|Any CPU
		{C4CC4183-2FF7-4306-A035-261A23778A42}.Debug|Any CPU.ActiveCfg = Debug|Any CPU
		{C4CC4183-2FF7-4306-A035-261A23778A42}.Debug|Any CPU.Build.0 = Debug|Any CPU
		{C4CC4183-2FF7-4306-A035-261A23778A42}.Debug|ARM.ActiveCfg = Debug|Any CPU
		{C4CC4183-2FF7-4306-A035-261A23778A42}.Debug|ARM.Build.0 = Debug|Any CPU
		{C4CC4183-2FF7-4306-A035-261A23778A42}.Debug|ARM64.ActiveCfg = Debug|Any CPU
		{C4CC4183-2FF7-4306-A035-261A23778A42}.Debug|ARM64.Build.0 = Debug|Any CPU
		{C4CC4183-2FF7-4306-A035-261A23778A42}.Debug|x64.ActiveCfg = Debug|Any CPU
		{C4CC4183-2FF7-4306-A035-261A23778A42}.Debug|x64.Build.0 = Debug|Any CPU
		{C4CC4183-2FF7-4306-A035-261A23778A42}.Debug|x86.ActiveCfg = Debug|Any CPU
		{C4CC4183-2FF7-4306-A035-261A23778A42}.Debug|x86.Build.0 = Debug|Any CPU
		{C4CC4183-2FF7-4306-A035-261A23778A42}.Release|Any CPU.ActiveCfg = Release|Any CPU
		{C4CC4183-2FF7-4306-A035-261A23778A42}.Release|Any CPU.Build.0 = Release|Any CPU
		{C4CC4183-2FF7-4306-A035-261A23778A42}.Release|ARM.ActiveCfg = Release|Any CPU
		{C4CC4183-2FF7-4306-A035-261A23778A42}.Release|ARM.Build.0 = Release|Any CPU
		{C4CC4183-2FF7-4306-A035-261A23778A42}.Release|ARM64.ActiveCfg = Release|Any CPU
		{C4CC4183-2FF7-4306-A035-261A23778A42}.Release|ARM64.Build.0 = Release|Any CPU
		{C4CC4183-2FF7-4306-A035-261A23778A42}.Release|x64.ActiveCfg = Release|Any CPU
		{C4CC4183-2FF7-4306-A035-261A23778A42}.Release|x64.Build.0 = Release|Any CPU
		{C4CC4183-2FF7-4306-A035-261A23778A42}.Release|x86.ActiveCfg = Release|Any CPU
		{C4CC4183-2FF7-4306-A035-261A23778A42}.Release|x86.Build.0 = Release|Any CPU
		{AE9D124E-81DB-4DEA-8614-D77D4799947C}.Debug|Any CPU.ActiveCfg = Debug|Any CPU
		{AE9D124E-81DB-4DEA-8614-D77D4799947C}.Debug|Any CPU.Build.0 = Debug|Any CPU
		{AE9D124E-81DB-4DEA-8614-D77D4799947C}.Debug|ARM.ActiveCfg = Debug|Any CPU
		{AE9D124E-81DB-4DEA-8614-D77D4799947C}.Debug|ARM.Build.0 = Debug|Any CPU
		{AE9D124E-81DB-4DEA-8614-D77D4799947C}.Debug|ARM64.ActiveCfg = Debug|Any CPU
		{AE9D124E-81DB-4DEA-8614-D77D4799947C}.Debug|ARM64.Build.0 = Debug|Any CPU
		{AE9D124E-81DB-4DEA-8614-D77D4799947C}.Debug|x64.ActiveCfg = Debug|Any CPU
		{AE9D124E-81DB-4DEA-8614-D77D4799947C}.Debug|x64.Build.0 = Debug|Any CPU
		{AE9D124E-81DB-4DEA-8614-D77D4799947C}.Debug|x86.ActiveCfg = Debug|Any CPU
		{AE9D124E-81DB-4DEA-8614-D77D4799947C}.Debug|x86.Build.0 = Debug|Any CPU
		{AE9D124E-81DB-4DEA-8614-D77D4799947C}.Release|Any CPU.ActiveCfg = Release|Any CPU
		{AE9D124E-81DB-4DEA-8614-D77D4799947C}.Release|Any CPU.Build.0 = Release|Any CPU
		{AE9D124E-81DB-4DEA-8614-D77D4799947C}.Release|ARM.ActiveCfg = Release|Any CPU
		{AE9D124E-81DB-4DEA-8614-D77D4799947C}.Release|ARM.Build.0 = Release|Any CPU
		{AE9D124E-81DB-4DEA-8614-D77D4799947C}.Release|ARM64.ActiveCfg = Release|Any CPU
		{AE9D124E-81DB-4DEA-8614-D77D4799947C}.Release|ARM64.Build.0 = Release|Any CPU
		{AE9D124E-81DB-4DEA-8614-D77D4799947C}.Release|x64.ActiveCfg = Release|Any CPU
		{AE9D124E-81DB-4DEA-8614-D77D4799947C}.Release|x64.Build.0 = Release|Any CPU
		{AE9D124E-81DB-4DEA-8614-D77D4799947C}.Release|x86.ActiveCfg = Release|Any CPU
		{AE9D124E-81DB-4DEA-8614-D77D4799947C}.Release|x86.Build.0 = Release|Any CPU
		{533C6D83-4E0A-4B00-9402-5D8627836CA1}.Debug|Any CPU.ActiveCfg = Debug|Any CPU
		{533C6D83-4E0A-4B00-9402-5D8627836CA1}.Debug|Any CPU.Build.0 = Debug|Any CPU
		{533C6D83-4E0A-4B00-9402-5D8627836CA1}.Debug|ARM.ActiveCfg = Debug|Any CPU
		{533C6D83-4E0A-4B00-9402-5D8627836CA1}.Debug|ARM.Build.0 = Debug|Any CPU
		{533C6D83-4E0A-4B00-9402-5D8627836CA1}.Debug|ARM64.ActiveCfg = Debug|Any CPU
		{533C6D83-4E0A-4B00-9402-5D8627836CA1}.Debug|ARM64.Build.0 = Debug|Any CPU
		{533C6D83-4E0A-4B00-9402-5D8627836CA1}.Debug|x64.ActiveCfg = Debug|Any CPU
		{533C6D83-4E0A-4B00-9402-5D8627836CA1}.Debug|x64.Build.0 = Debug|Any CPU
		{533C6D83-4E0A-4B00-9402-5D8627836CA1}.Debug|x86.ActiveCfg = Debug|Any CPU
		{533C6D83-4E0A-4B00-9402-5D8627836CA1}.Debug|x86.Build.0 = Debug|Any CPU
		{533C6D83-4E0A-4B00-9402-5D8627836CA1}.Release|Any CPU.ActiveCfg = Release|Any CPU
		{533C6D83-4E0A-4B00-9402-5D8627836CA1}.Release|Any CPU.Build.0 = Release|Any CPU
		{533C6D83-4E0A-4B00-9402-5D8627836CA1}.Release|ARM.ActiveCfg = Release|Any CPU
		{533C6D83-4E0A-4B00-9402-5D8627836CA1}.Release|ARM.Build.0 = Release|Any CPU
		{533C6D83-4E0A-4B00-9402-5D8627836CA1}.Release|ARM64.ActiveCfg = Release|Any CPU
		{533C6D83-4E0A-4B00-9402-5D8627836CA1}.Release|ARM64.Build.0 = Release|Any CPU
		{533C6D83-4E0A-4B00-9402-5D8627836CA1}.Release|x64.ActiveCfg = Release|Any CPU
		{533C6D83-4E0A-4B00-9402-5D8627836CA1}.Release|x64.Build.0 = Release|Any CPU
		{533C6D83-4E0A-4B00-9402-5D8627836CA1}.Release|x86.ActiveCfg = Release|Any CPU
		{533C6D83-4E0A-4B00-9402-5D8627836CA1}.Release|x86.Build.0 = Release|Any CPU
		{1ADD5D06-A9E9-4E1E-9E23-273C63CBC5DC}.Debug|Any CPU.ActiveCfg = Debug|Any CPU
		{1ADD5D06-A9E9-4E1E-9E23-273C63CBC5DC}.Debug|Any CPU.Build.0 = Debug|Any CPU
		{1ADD5D06-A9E9-4E1E-9E23-273C63CBC5DC}.Debug|ARM.ActiveCfg = Debug|Any CPU
		{1ADD5D06-A9E9-4E1E-9E23-273C63CBC5DC}.Debug|ARM.Build.0 = Debug|Any CPU
		{1ADD5D06-A9E9-4E1E-9E23-273C63CBC5DC}.Debug|ARM64.ActiveCfg = Debug|Any CPU
		{1ADD5D06-A9E9-4E1E-9E23-273C63CBC5DC}.Debug|ARM64.Build.0 = Debug|Any CPU
		{1ADD5D06-A9E9-4E1E-9E23-273C63CBC5DC}.Debug|x64.ActiveCfg = Debug|Any CPU
		{1ADD5D06-A9E9-4E1E-9E23-273C63CBC5DC}.Debug|x64.Build.0 = Debug|Any CPU
		{1ADD5D06-A9E9-4E1E-9E23-273C63CBC5DC}.Debug|x86.ActiveCfg = Debug|Any CPU
		{1ADD5D06-A9E9-4E1E-9E23-273C63CBC5DC}.Debug|x86.Build.0 = Debug|Any CPU
		{1ADD5D06-A9E9-4E1E-9E23-273C63CBC5DC}.Release|Any CPU.ActiveCfg = Release|Any CPU
		{1ADD5D06-A9E9-4E1E-9E23-273C63CBC5DC}.Release|Any CPU.Build.0 = Release|Any CPU
		{1ADD5D06-A9E9-4E1E-9E23-273C63CBC5DC}.Release|ARM.ActiveCfg = Release|Any CPU
		{1ADD5D06-A9E9-4E1E-9E23-273C63CBC5DC}.Release|ARM.Build.0 = Release|Any CPU
		{1ADD5D06-A9E9-4E1E-9E23-273C63CBC5DC}.Release|ARM64.ActiveCfg = Release|Any CPU
		{1ADD5D06-A9E9-4E1E-9E23-273C63CBC5DC}.Release|ARM64.Build.0 = Release|Any CPU
		{1ADD5D06-A9E9-4E1E-9E23-273C63CBC5DC}.Release|x64.ActiveCfg = Release|Any CPU
		{1ADD5D06-A9E9-4E1E-9E23-273C63CBC5DC}.Release|x64.Build.0 = Release|Any CPU
		{1ADD5D06-A9E9-4E1E-9E23-273C63CBC5DC}.Release|x86.ActiveCfg = Release|Any CPU
		{1ADD5D06-A9E9-4E1E-9E23-273C63CBC5DC}.Release|x86.Build.0 = Release|Any CPU
		{83DFD7DE-00C0-4F9C-A1D9-E9B86AA43325}.Debug|Any CPU.ActiveCfg = Debug|Any CPU
		{83DFD7DE-00C0-4F9C-A1D9-E9B86AA43325}.Debug|Any CPU.Build.0 = Debug|Any CPU
		{83DFD7DE-00C0-4F9C-A1D9-E9B86AA43325}.Debug|ARM.ActiveCfg = Debug|Any CPU
		{83DFD7DE-00C0-4F9C-A1D9-E9B86AA43325}.Debug|ARM.Build.0 = Debug|Any CPU
		{83DFD7DE-00C0-4F9C-A1D9-E9B86AA43325}.Debug|ARM64.ActiveCfg = Debug|Any CPU
		{83DFD7DE-00C0-4F9C-A1D9-E9B86AA43325}.Debug|ARM64.Build.0 = Debug|Any CPU
		{83DFD7DE-00C0-4F9C-A1D9-E9B86AA43325}.Debug|x64.ActiveCfg = Debug|Any CPU
		{83DFD7DE-00C0-4F9C-A1D9-E9B86AA43325}.Debug|x64.Build.0 = Debug|Any CPU
		{83DFD7DE-00C0-4F9C-A1D9-E9B86AA43325}.Debug|x86.ActiveCfg = Debug|Any CPU
		{83DFD7DE-00C0-4F9C-A1D9-E9B86AA43325}.Debug|x86.Build.0 = Debug|Any CPU
		{83DFD7DE-00C0-4F9C-A1D9-E9B86AA43325}.Release|Any CPU.ActiveCfg = Release|Any CPU
		{83DFD7DE-00C0-4F9C-A1D9-E9B86AA43325}.Release|Any CPU.Build.0 = Release|Any CPU
		{83DFD7DE-00C0-4F9C-A1D9-E9B86AA43325}.Release|ARM.ActiveCfg = Release|Any CPU
		{83DFD7DE-00C0-4F9C-A1D9-E9B86AA43325}.Release|ARM.Build.0 = Release|Any CPU
		{83DFD7DE-00C0-4F9C-A1D9-E9B86AA43325}.Release|ARM64.ActiveCfg = Release|Any CPU
		{83DFD7DE-00C0-4F9C-A1D9-E9B86AA43325}.Release|ARM64.Build.0 = Release|Any CPU
		{83DFD7DE-00C0-4F9C-A1D9-E9B86AA43325}.Release|x64.ActiveCfg = Release|Any CPU
		{83DFD7DE-00C0-4F9C-A1D9-E9B86AA43325}.Release|x64.Build.0 = Release|Any CPU
		{83DFD7DE-00C0-4F9C-A1D9-E9B86AA43325}.Release|x86.ActiveCfg = Release|Any CPU
		{83DFD7DE-00C0-4F9C-A1D9-E9B86AA43325}.Release|x86.Build.0 = Release|Any CPU
		{9ACA8DBA-F7C7-449E-A074-BB0DA128AE65}.Debug|Any CPU.ActiveCfg = Debug|Any CPU
		{9ACA8DBA-F7C7-449E-A074-BB0DA128AE65}.Debug|Any CPU.Build.0 = Debug|Any CPU
		{9ACA8DBA-F7C7-449E-A074-BB0DA128AE65}.Debug|ARM.ActiveCfg = Debug|Any CPU
		{9ACA8DBA-F7C7-449E-A074-BB0DA128AE65}.Debug|ARM.Build.0 = Debug|Any CPU
		{9ACA8DBA-F7C7-449E-A074-BB0DA128AE65}.Debug|ARM64.ActiveCfg = Debug|Any CPU
		{9ACA8DBA-F7C7-449E-A074-BB0DA128AE65}.Debug|ARM64.Build.0 = Debug|Any CPU
		{9ACA8DBA-F7C7-449E-A074-BB0DA128AE65}.Debug|x64.ActiveCfg = Debug|Any CPU
		{9ACA8DBA-F7C7-449E-A074-BB0DA128AE65}.Debug|x64.Build.0 = Debug|Any CPU
		{9ACA8DBA-F7C7-449E-A074-BB0DA128AE65}.Debug|x86.ActiveCfg = Debug|Any CPU
		{9ACA8DBA-F7C7-449E-A074-BB0DA128AE65}.Debug|x86.Build.0 = Debug|Any CPU
		{9ACA8DBA-F7C7-449E-A074-BB0DA128AE65}.Release|Any CPU.ActiveCfg = Release|Any CPU
		{9ACA8DBA-F7C7-449E-A074-BB0DA128AE65}.Release|Any CPU.Build.0 = Release|Any CPU
		{9ACA8DBA-F7C7-449E-A074-BB0DA128AE65}.Release|ARM.ActiveCfg = Release|Any CPU
		{9ACA8DBA-F7C7-449E-A074-BB0DA128AE65}.Release|ARM.Build.0 = Release|Any CPU
		{9ACA8DBA-F7C7-449E-A074-BB0DA128AE65}.Release|ARM64.ActiveCfg = Release|Any CPU
		{9ACA8DBA-F7C7-449E-A074-BB0DA128AE65}.Release|ARM64.Build.0 = Release|Any CPU
		{9ACA8DBA-F7C7-449E-A074-BB0DA128AE65}.Release|x64.ActiveCfg = Release|Any CPU
		{9ACA8DBA-F7C7-449E-A074-BB0DA128AE65}.Release|x64.Build.0 = Release|Any CPU
		{9ACA8DBA-F7C7-449E-A074-BB0DA128AE65}.Release|x86.ActiveCfg = Release|Any CPU
		{9ACA8DBA-F7C7-449E-A074-BB0DA128AE65}.Release|x86.Build.0 = Release|Any CPU
		{F74F24FA-D92B-43CC-9E2C-0134BC6CC1F7}.Debug|Any CPU.ActiveCfg = Debug|Any CPU
		{F74F24FA-D92B-43CC-9E2C-0134BC6CC1F7}.Debug|Any CPU.Build.0 = Debug|Any CPU
		{F74F24FA-D92B-43CC-9E2C-0134BC6CC1F7}.Debug|ARM.ActiveCfg = Debug|Any CPU
		{F74F24FA-D92B-43CC-9E2C-0134BC6CC1F7}.Debug|ARM.Build.0 = Debug|Any CPU
		{F74F24FA-D92B-43CC-9E2C-0134BC6CC1F7}.Debug|ARM64.ActiveCfg = Debug|Any CPU
		{F74F24FA-D92B-43CC-9E2C-0134BC6CC1F7}.Debug|ARM64.Build.0 = Debug|Any CPU
		{F74F24FA-D92B-43CC-9E2C-0134BC6CC1F7}.Debug|x64.ActiveCfg = Debug|Any CPU
		{F74F24FA-D92B-43CC-9E2C-0134BC6CC1F7}.Debug|x64.Build.0 = Debug|Any CPU
		{F74F24FA-D92B-43CC-9E2C-0134BC6CC1F7}.Debug|x86.ActiveCfg = Debug|Any CPU
		{F74F24FA-D92B-43CC-9E2C-0134BC6CC1F7}.Debug|x86.Build.0 = Debug|Any CPU
		{F74F24FA-D92B-43CC-9E2C-0134BC6CC1F7}.Release|Any CPU.ActiveCfg = Release|Any CPU
		{F74F24FA-D92B-43CC-9E2C-0134BC6CC1F7}.Release|Any CPU.Build.0 = Release|Any CPU
		{F74F24FA-D92B-43CC-9E2C-0134BC6CC1F7}.Release|ARM.ActiveCfg = Release|Any CPU
		{F74F24FA-D92B-43CC-9E2C-0134BC6CC1F7}.Release|ARM.Build.0 = Release|Any CPU
		{F74F24FA-D92B-43CC-9E2C-0134BC6CC1F7}.Release|ARM64.ActiveCfg = Release|Any CPU
		{F74F24FA-D92B-43CC-9E2C-0134BC6CC1F7}.Release|ARM64.Build.0 = Release|Any CPU
		{F74F24FA-D92B-43CC-9E2C-0134BC6CC1F7}.Release|x64.ActiveCfg = Release|Any CPU
		{F74F24FA-D92B-43CC-9E2C-0134BC6CC1F7}.Release|x64.Build.0 = Release|Any CPU
		{F74F24FA-D92B-43CC-9E2C-0134BC6CC1F7}.Release|x86.ActiveCfg = Release|Any CPU
		{F74F24FA-D92B-43CC-9E2C-0134BC6CC1F7}.Release|x86.Build.0 = Release|Any CPU
		{D59EBECA-89CF-4F28-8445-DFE2A20C1DD9}.Debug|Any CPU.ActiveCfg = Debug|Any CPU
		{D59EBECA-89CF-4F28-8445-DFE2A20C1DD9}.Debug|Any CPU.Build.0 = Debug|Any CPU
		{D59EBECA-89CF-4F28-8445-DFE2A20C1DD9}.Debug|ARM.ActiveCfg = Debug|Any CPU
		{D59EBECA-89CF-4F28-8445-DFE2A20C1DD9}.Debug|ARM.Build.0 = Debug|Any CPU
		{D59EBECA-89CF-4F28-8445-DFE2A20C1DD9}.Debug|ARM64.ActiveCfg = Debug|Any CPU
		{D59EBECA-89CF-4F28-8445-DFE2A20C1DD9}.Debug|ARM64.Build.0 = Debug|Any CPU
		{D59EBECA-89CF-4F28-8445-DFE2A20C1DD9}.Debug|x64.ActiveCfg = Debug|Any CPU
		{D59EBECA-89CF-4F28-8445-DFE2A20C1DD9}.Debug|x64.Build.0 = Debug|Any CPU
		{D59EBECA-89CF-4F28-8445-DFE2A20C1DD9}.Debug|x86.ActiveCfg = Debug|Any CPU
		{D59EBECA-89CF-4F28-8445-DFE2A20C1DD9}.Debug|x86.Build.0 = Debug|Any CPU
		{D59EBECA-89CF-4F28-8445-DFE2A20C1DD9}.Release|Any CPU.ActiveCfg = Release|Any CPU
		{D59EBECA-89CF-4F28-8445-DFE2A20C1DD9}.Release|Any CPU.Build.0 = Release|Any CPU
		{D59EBECA-89CF-4F28-8445-DFE2A20C1DD9}.Release|ARM.ActiveCfg = Release|Any CPU
		{D59EBECA-89CF-4F28-8445-DFE2A20C1DD9}.Release|ARM.Build.0 = Release|Any CPU
		{D59EBECA-89CF-4F28-8445-DFE2A20C1DD9}.Release|ARM64.ActiveCfg = Release|Any CPU
		{D59EBECA-89CF-4F28-8445-DFE2A20C1DD9}.Release|ARM64.Build.0 = Release|Any CPU
		{D59EBECA-89CF-4F28-8445-DFE2A20C1DD9}.Release|x64.ActiveCfg = Release|Any CPU
		{D59EBECA-89CF-4F28-8445-DFE2A20C1DD9}.Release|x64.Build.0 = Release|Any CPU
		{D59EBECA-89CF-4F28-8445-DFE2A20C1DD9}.Release|x86.ActiveCfg = Release|Any CPU
		{D59EBECA-89CF-4F28-8445-DFE2A20C1DD9}.Release|x86.Build.0 = Release|Any CPU
		{A2BAEE45-25B0-44EE-BC27-FF82330FD6B3}.Debug|Any CPU.ActiveCfg = Debug|Any CPU
		{A2BAEE45-25B0-44EE-BC27-FF82330FD6B3}.Debug|Any CPU.Build.0 = Debug|Any CPU
		{A2BAEE45-25B0-44EE-BC27-FF82330FD6B3}.Debug|ARM.ActiveCfg = Debug|Any CPU
		{A2BAEE45-25B0-44EE-BC27-FF82330FD6B3}.Debug|ARM.Build.0 = Debug|Any CPU
		{A2BAEE45-25B0-44EE-BC27-FF82330FD6B3}.Debug|ARM64.ActiveCfg = Debug|Any CPU
		{A2BAEE45-25B0-44EE-BC27-FF82330FD6B3}.Debug|ARM64.Build.0 = Debug|Any CPU
		{A2BAEE45-25B0-44EE-BC27-FF82330FD6B3}.Debug|x64.ActiveCfg = Debug|Any CPU
		{A2BAEE45-25B0-44EE-BC27-FF82330FD6B3}.Debug|x64.Build.0 = Debug|Any CPU
		{A2BAEE45-25B0-44EE-BC27-FF82330FD6B3}.Debug|x86.ActiveCfg = Debug|Any CPU
		{A2BAEE45-25B0-44EE-BC27-FF82330FD6B3}.Debug|x86.Build.0 = Debug|Any CPU
		{A2BAEE45-25B0-44EE-BC27-FF82330FD6B3}.Release|Any CPU.ActiveCfg = Release|Any CPU
		{A2BAEE45-25B0-44EE-BC27-FF82330FD6B3}.Release|Any CPU.Build.0 = Release|Any CPU
		{A2BAEE45-25B0-44EE-BC27-FF82330FD6B3}.Release|ARM.ActiveCfg = Release|Any CPU
		{A2BAEE45-25B0-44EE-BC27-FF82330FD6B3}.Release|ARM.Build.0 = Release|Any CPU
		{A2BAEE45-25B0-44EE-BC27-FF82330FD6B3}.Release|ARM64.ActiveCfg = Release|Any CPU
		{A2BAEE45-25B0-44EE-BC27-FF82330FD6B3}.Release|ARM64.Build.0 = Release|Any CPU
		{A2BAEE45-25B0-44EE-BC27-FF82330FD6B3}.Release|x64.ActiveCfg = Release|Any CPU
		{A2BAEE45-25B0-44EE-BC27-FF82330FD6B3}.Release|x64.Build.0 = Release|Any CPU
		{A2BAEE45-25B0-44EE-BC27-FF82330FD6B3}.Release|x86.ActiveCfg = Release|Any CPU
		{A2BAEE45-25B0-44EE-BC27-FF82330FD6B3}.Release|x86.Build.0 = Release|Any CPU
		{3217D49B-1E45-4179-B3FB-FA99D28D0270}.Debug|Any CPU.ActiveCfg = Debug|Any CPU
		{3217D49B-1E45-4179-B3FB-FA99D28D0270}.Debug|Any CPU.Build.0 = Debug|Any CPU
		{3217D49B-1E45-4179-B3FB-FA99D28D0270}.Debug|ARM.ActiveCfg = Debug|Any CPU
		{3217D49B-1E45-4179-B3FB-FA99D28D0270}.Debug|ARM.Build.0 = Debug|Any CPU
		{3217D49B-1E45-4179-B3FB-FA99D28D0270}.Debug|ARM64.ActiveCfg = Debug|Any CPU
		{3217D49B-1E45-4179-B3FB-FA99D28D0270}.Debug|ARM64.Build.0 = Debug|Any CPU
		{3217D49B-1E45-4179-B3FB-FA99D28D0270}.Debug|x64.ActiveCfg = Debug|Any CPU
		{3217D49B-1E45-4179-B3FB-FA99D28D0270}.Debug|x64.Build.0 = Debug|Any CPU
		{3217D49B-1E45-4179-B3FB-FA99D28D0270}.Debug|x86.ActiveCfg = Debug|Any CPU
		{3217D49B-1E45-4179-B3FB-FA99D28D0270}.Debug|x86.Build.0 = Debug|Any CPU
		{3217D49B-1E45-4179-B3FB-FA99D28D0270}.Release|Any CPU.ActiveCfg = Release|Any CPU
		{3217D49B-1E45-4179-B3FB-FA99D28D0270}.Release|Any CPU.Build.0 = Release|Any CPU
		{3217D49B-1E45-4179-B3FB-FA99D28D0270}.Release|ARM.ActiveCfg = Release|Any CPU
		{3217D49B-1E45-4179-B3FB-FA99D28D0270}.Release|ARM.Build.0 = Release|Any CPU
		{3217D49B-1E45-4179-B3FB-FA99D28D0270}.Release|ARM64.ActiveCfg = Release|Any CPU
		{3217D49B-1E45-4179-B3FB-FA99D28D0270}.Release|ARM64.Build.0 = Release|Any CPU
		{3217D49B-1E45-4179-B3FB-FA99D28D0270}.Release|x64.ActiveCfg = Release|Any CPU
		{3217D49B-1E45-4179-B3FB-FA99D28D0270}.Release|x64.Build.0 = Release|Any CPU
		{3217D49B-1E45-4179-B3FB-FA99D28D0270}.Release|x86.ActiveCfg = Release|Any CPU
		{3217D49B-1E45-4179-B3FB-FA99D28D0270}.Release|x86.Build.0 = Release|Any CPU
		{56DDC16C-46AF-4EF4-A014-25BCC6A4E3C6}.Debug|Any CPU.ActiveCfg = Debug|Any CPU
		{56DDC16C-46AF-4EF4-A014-25BCC6A4E3C6}.Debug|Any CPU.Build.0 = Debug|Any CPU
		{56DDC16C-46AF-4EF4-A014-25BCC6A4E3C6}.Debug|ARM.ActiveCfg = Debug|Any CPU
		{56DDC16C-46AF-4EF4-A014-25BCC6A4E3C6}.Debug|ARM.Build.0 = Debug|Any CPU
		{56DDC16C-46AF-4EF4-A014-25BCC6A4E3C6}.Debug|ARM64.ActiveCfg = Debug|Any CPU
		{56DDC16C-46AF-4EF4-A014-25BCC6A4E3C6}.Debug|ARM64.Build.0 = Debug|Any CPU
		{56DDC16C-46AF-4EF4-A014-25BCC6A4E3C6}.Debug|x64.ActiveCfg = Debug|Any CPU
		{56DDC16C-46AF-4EF4-A014-25BCC6A4E3C6}.Debug|x64.Build.0 = Debug|Any CPU
		{56DDC16C-46AF-4EF4-A014-25BCC6A4E3C6}.Debug|x86.ActiveCfg = Debug|Any CPU
		{56DDC16C-46AF-4EF4-A014-25BCC6A4E3C6}.Debug|x86.Build.0 = Debug|Any CPU
		{56DDC16C-46AF-4EF4-A014-25BCC6A4E3C6}.Release|Any CPU.ActiveCfg = Release|Any CPU
		{56DDC16C-46AF-4EF4-A014-25BCC6A4E3C6}.Release|Any CPU.Build.0 = Release|Any CPU
		{56DDC16C-46AF-4EF4-A014-25BCC6A4E3C6}.Release|ARM.ActiveCfg = Release|Any CPU
		{56DDC16C-46AF-4EF4-A014-25BCC6A4E3C6}.Release|ARM.Build.0 = Release|Any CPU
		{56DDC16C-46AF-4EF4-A014-25BCC6A4E3C6}.Release|ARM64.ActiveCfg = Release|Any CPU
		{56DDC16C-46AF-4EF4-A014-25BCC6A4E3C6}.Release|ARM64.Build.0 = Release|Any CPU
		{56DDC16C-46AF-4EF4-A014-25BCC6A4E3C6}.Release|x64.ActiveCfg = Release|Any CPU
		{56DDC16C-46AF-4EF4-A014-25BCC6A4E3C6}.Release|x64.Build.0 = Release|Any CPU
		{56DDC16C-46AF-4EF4-A014-25BCC6A4E3C6}.Release|x86.ActiveCfg = Release|Any CPU
		{56DDC16C-46AF-4EF4-A014-25BCC6A4E3C6}.Release|x86.Build.0 = Release|Any CPU
		{0957406B-96A7-4A38-8B9D-0EA936A8C353}.Debug|Any CPU.ActiveCfg = Debug|Any CPU
		{0957406B-96A7-4A38-8B9D-0EA936A8C353}.Debug|Any CPU.Build.0 = Debug|Any CPU
		{0957406B-96A7-4A38-8B9D-0EA936A8C353}.Debug|ARM.ActiveCfg = Debug|Any CPU
		{0957406B-96A7-4A38-8B9D-0EA936A8C353}.Debug|ARM.Build.0 = Debug|Any CPU
		{0957406B-96A7-4A38-8B9D-0EA936A8C353}.Debug|ARM64.ActiveCfg = Debug|Any CPU
		{0957406B-96A7-4A38-8B9D-0EA936A8C353}.Debug|ARM64.Build.0 = Debug|Any CPU
		{0957406B-96A7-4A38-8B9D-0EA936A8C353}.Debug|x64.ActiveCfg = Debug|Any CPU
		{0957406B-96A7-4A38-8B9D-0EA936A8C353}.Debug|x64.Build.0 = Debug|Any CPU
		{0957406B-96A7-4A38-8B9D-0EA936A8C353}.Debug|x86.ActiveCfg = Debug|Any CPU
		{0957406B-96A7-4A38-8B9D-0EA936A8C353}.Debug|x86.Build.0 = Debug|Any CPU
		{0957406B-96A7-4A38-8B9D-0EA936A8C353}.Release|Any CPU.ActiveCfg = Release|Any CPU
		{0957406B-96A7-4A38-8B9D-0EA936A8C353}.Release|Any CPU.Build.0 = Release|Any CPU
		{0957406B-96A7-4A38-8B9D-0EA936A8C353}.Release|ARM.ActiveCfg = Release|Any CPU
		{0957406B-96A7-4A38-8B9D-0EA936A8C353}.Release|ARM.Build.0 = Release|Any CPU
		{0957406B-96A7-4A38-8B9D-0EA936A8C353}.Release|ARM64.ActiveCfg = Release|Any CPU
		{0957406B-96A7-4A38-8B9D-0EA936A8C353}.Release|ARM64.Build.0 = Release|Any CPU
		{0957406B-96A7-4A38-8B9D-0EA936A8C353}.Release|x64.ActiveCfg = Release|Any CPU
		{0957406B-96A7-4A38-8B9D-0EA936A8C353}.Release|x64.Build.0 = Release|Any CPU
		{0957406B-96A7-4A38-8B9D-0EA936A8C353}.Release|x86.ActiveCfg = Release|Any CPU
		{0957406B-96A7-4A38-8B9D-0EA936A8C353}.Release|x86.Build.0 = Release|Any CPU
		{FC10FB01-29DF-44EB-91CC-8D2A53F76BD3}.Debug|Any CPU.ActiveCfg = Debug|Any CPU
		{FC10FB01-29DF-44EB-91CC-8D2A53F76BD3}.Debug|Any CPU.Build.0 = Debug|Any CPU
		{FC10FB01-29DF-44EB-91CC-8D2A53F76BD3}.Debug|ARM.ActiveCfg = Debug|Any CPU
		{FC10FB01-29DF-44EB-91CC-8D2A53F76BD3}.Debug|ARM.Build.0 = Debug|Any CPU
		{FC10FB01-29DF-44EB-91CC-8D2A53F76BD3}.Debug|ARM64.ActiveCfg = Debug|Any CPU
		{FC10FB01-29DF-44EB-91CC-8D2A53F76BD3}.Debug|ARM64.Build.0 = Debug|Any CPU
		{FC10FB01-29DF-44EB-91CC-8D2A53F76BD3}.Debug|x64.ActiveCfg = Debug|Any CPU
		{FC10FB01-29DF-44EB-91CC-8D2A53F76BD3}.Debug|x64.Build.0 = Debug|Any CPU
		{FC10FB01-29DF-44EB-91CC-8D2A53F76BD3}.Debug|x86.ActiveCfg = Debug|Any CPU
		{FC10FB01-29DF-44EB-91CC-8D2A53F76BD3}.Debug|x86.Build.0 = Debug|Any CPU
		{FC10FB01-29DF-44EB-91CC-8D2A53F76BD3}.Release|Any CPU.ActiveCfg = Release|Any CPU
		{FC10FB01-29DF-44EB-91CC-8D2A53F76BD3}.Release|Any CPU.Build.0 = Release|Any CPU
		{FC10FB01-29DF-44EB-91CC-8D2A53F76BD3}.Release|ARM.ActiveCfg = Release|Any CPU
		{FC10FB01-29DF-44EB-91CC-8D2A53F76BD3}.Release|ARM.Build.0 = Release|Any CPU
		{FC10FB01-29DF-44EB-91CC-8D2A53F76BD3}.Release|ARM64.ActiveCfg = Release|Any CPU
		{FC10FB01-29DF-44EB-91CC-8D2A53F76BD3}.Release|ARM64.Build.0 = Release|Any CPU
		{FC10FB01-29DF-44EB-91CC-8D2A53F76BD3}.Release|x64.ActiveCfg = Release|Any CPU
		{FC10FB01-29DF-44EB-91CC-8D2A53F76BD3}.Release|x64.Build.0 = Release|Any CPU
		{FC10FB01-29DF-44EB-91CC-8D2A53F76BD3}.Release|x86.ActiveCfg = Release|Any CPU
		{FC10FB01-29DF-44EB-91CC-8D2A53F76BD3}.Release|x86.Build.0 = Release|Any CPU
		{1DD1F791-F778-4CB5-8BCD-A05C73EE10CC}.Debug|Any CPU.ActiveCfg = Debug|Any CPU
		{1DD1F791-F778-4CB5-8BCD-A05C73EE10CC}.Debug|Any CPU.Build.0 = Debug|Any CPU
		{1DD1F791-F778-4CB5-8BCD-A05C73EE10CC}.Debug|ARM.ActiveCfg = Debug|Any CPU
		{1DD1F791-F778-4CB5-8BCD-A05C73EE10CC}.Debug|ARM.Build.0 = Debug|Any CPU
		{1DD1F791-F778-4CB5-8BCD-A05C73EE10CC}.Debug|ARM64.ActiveCfg = Debug|Any CPU
		{1DD1F791-F778-4CB5-8BCD-A05C73EE10CC}.Debug|ARM64.Build.0 = Debug|Any CPU
		{1DD1F791-F778-4CB5-8BCD-A05C73EE10CC}.Debug|x64.ActiveCfg = Debug|Any CPU
		{1DD1F791-F778-4CB5-8BCD-A05C73EE10CC}.Debug|x64.Build.0 = Debug|Any CPU
		{1DD1F791-F778-4CB5-8BCD-A05C73EE10CC}.Debug|x86.ActiveCfg = Debug|Any CPU
		{1DD1F791-F778-4CB5-8BCD-A05C73EE10CC}.Debug|x86.Build.0 = Debug|Any CPU
		{1DD1F791-F778-4CB5-8BCD-A05C73EE10CC}.Release|Any CPU.ActiveCfg = Release|Any CPU
		{1DD1F791-F778-4CB5-8BCD-A05C73EE10CC}.Release|Any CPU.Build.0 = Release|Any CPU
		{1DD1F791-F778-4CB5-8BCD-A05C73EE10CC}.Release|ARM.ActiveCfg = Release|Any CPU
		{1DD1F791-F778-4CB5-8BCD-A05C73EE10CC}.Release|ARM.Build.0 = Release|Any CPU
		{1DD1F791-F778-4CB5-8BCD-A05C73EE10CC}.Release|ARM64.ActiveCfg = Release|Any CPU
		{1DD1F791-F778-4CB5-8BCD-A05C73EE10CC}.Release|ARM64.Build.0 = Release|Any CPU
		{1DD1F791-F778-4CB5-8BCD-A05C73EE10CC}.Release|x64.ActiveCfg = Release|Any CPU
		{1DD1F791-F778-4CB5-8BCD-A05C73EE10CC}.Release|x64.Build.0 = Release|Any CPU
		{1DD1F791-F778-4CB5-8BCD-A05C73EE10CC}.Release|x86.ActiveCfg = Release|Any CPU
		{1DD1F791-F778-4CB5-8BCD-A05C73EE10CC}.Release|x86.Build.0 = Release|Any CPU
		{5A03A290-6674-4D5C-A2FE-776C52FCEB5A}.Debug|Any CPU.ActiveCfg = Debug|Any CPU
		{5A03A290-6674-4D5C-A2FE-776C52FCEB5A}.Debug|Any CPU.Build.0 = Debug|Any CPU
		{5A03A290-6674-4D5C-A2FE-776C52FCEB5A}.Debug|ARM.ActiveCfg = Debug|Any CPU
		{5A03A290-6674-4D5C-A2FE-776C52FCEB5A}.Debug|ARM.Build.0 = Debug|Any CPU
		{5A03A290-6674-4D5C-A2FE-776C52FCEB5A}.Debug|ARM64.ActiveCfg = Debug|Any CPU
		{5A03A290-6674-4D5C-A2FE-776C52FCEB5A}.Debug|ARM64.Build.0 = Debug|Any CPU
		{5A03A290-6674-4D5C-A2FE-776C52FCEB5A}.Debug|x64.ActiveCfg = Debug|Any CPU
		{5A03A290-6674-4D5C-A2FE-776C52FCEB5A}.Debug|x64.Build.0 = Debug|Any CPU
		{5A03A290-6674-4D5C-A2FE-776C52FCEB5A}.Debug|x86.ActiveCfg = Debug|Any CPU
		{5A03A290-6674-4D5C-A2FE-776C52FCEB5A}.Debug|x86.Build.0 = Debug|Any CPU
		{5A03A290-6674-4D5C-A2FE-776C52FCEB5A}.Release|Any CPU.ActiveCfg = Release|Any CPU
		{5A03A290-6674-4D5C-A2FE-776C52FCEB5A}.Release|Any CPU.Build.0 = Release|Any CPU
		{5A03A290-6674-4D5C-A2FE-776C52FCEB5A}.Release|ARM.ActiveCfg = Release|Any CPU
		{5A03A290-6674-4D5C-A2FE-776C52FCEB5A}.Release|ARM.Build.0 = Release|Any CPU
		{5A03A290-6674-4D5C-A2FE-776C52FCEB5A}.Release|ARM64.ActiveCfg = Release|Any CPU
		{5A03A290-6674-4D5C-A2FE-776C52FCEB5A}.Release|ARM64.Build.0 = Release|Any CPU
		{5A03A290-6674-4D5C-A2FE-776C52FCEB5A}.Release|x64.ActiveCfg = Release|Any CPU
		{5A03A290-6674-4D5C-A2FE-776C52FCEB5A}.Release|x64.Build.0 = Release|Any CPU
		{5A03A290-6674-4D5C-A2FE-776C52FCEB5A}.Release|x86.ActiveCfg = Release|Any CPU
		{5A03A290-6674-4D5C-A2FE-776C52FCEB5A}.Release|x86.Build.0 = Release|Any CPU
		{F8D1EBEB-7559-45D5-A784-7D51C4AF67E8}.Debug|Any CPU.ActiveCfg = Debug|Any CPU
		{F8D1EBEB-7559-45D5-A784-7D51C4AF67E8}.Debug|Any CPU.Build.0 = Debug|Any CPU
		{F8D1EBEB-7559-45D5-A784-7D51C4AF67E8}.Debug|ARM.ActiveCfg = Debug|Any CPU
		{F8D1EBEB-7559-45D5-A784-7D51C4AF67E8}.Debug|ARM.Build.0 = Debug|Any CPU
		{F8D1EBEB-7559-45D5-A784-7D51C4AF67E8}.Debug|ARM64.ActiveCfg = Debug|Any CPU
		{F8D1EBEB-7559-45D5-A784-7D51C4AF67E8}.Debug|ARM64.Build.0 = Debug|Any CPU
		{F8D1EBEB-7559-45D5-A784-7D51C4AF67E8}.Debug|x64.ActiveCfg = Debug|Any CPU
		{F8D1EBEB-7559-45D5-A784-7D51C4AF67E8}.Debug|x64.Build.0 = Debug|Any CPU
		{F8D1EBEB-7559-45D5-A784-7D51C4AF67E8}.Debug|x86.ActiveCfg = Debug|Any CPU
		{F8D1EBEB-7559-45D5-A784-7D51C4AF67E8}.Debug|x86.Build.0 = Debug|Any CPU
		{F8D1EBEB-7559-45D5-A784-7D51C4AF67E8}.Release|Any CPU.ActiveCfg = Release|Any CPU
		{F8D1EBEB-7559-45D5-A784-7D51C4AF67E8}.Release|Any CPU.Build.0 = Release|Any CPU
		{F8D1EBEB-7559-45D5-A784-7D51C4AF67E8}.Release|ARM.ActiveCfg = Release|Any CPU
		{F8D1EBEB-7559-45D5-A784-7D51C4AF67E8}.Release|ARM.Build.0 = Release|Any CPU
		{F8D1EBEB-7559-45D5-A784-7D51C4AF67E8}.Release|ARM64.ActiveCfg = Release|Any CPU
		{F8D1EBEB-7559-45D5-A784-7D51C4AF67E8}.Release|ARM64.Build.0 = Release|Any CPU
		{F8D1EBEB-7559-45D5-A784-7D51C4AF67E8}.Release|x64.ActiveCfg = Release|Any CPU
		{F8D1EBEB-7559-45D5-A784-7D51C4AF67E8}.Release|x64.Build.0 = Release|Any CPU
		{F8D1EBEB-7559-45D5-A784-7D51C4AF67E8}.Release|x86.ActiveCfg = Release|Any CPU
		{F8D1EBEB-7559-45D5-A784-7D51C4AF67E8}.Release|x86.Build.0 = Release|Any CPU
		{FD9BC61C-11BB-469E-8180-DBDFAE882092}.Debug|Any CPU.ActiveCfg = Debug|Any CPU
		{FD9BC61C-11BB-469E-8180-DBDFAE882092}.Debug|Any CPU.Build.0 = Debug|Any CPU
		{FD9BC61C-11BB-469E-8180-DBDFAE882092}.Debug|ARM.ActiveCfg = Debug|Any CPU
		{FD9BC61C-11BB-469E-8180-DBDFAE882092}.Debug|ARM.Build.0 = Debug|Any CPU
		{FD9BC61C-11BB-469E-8180-DBDFAE882092}.Debug|ARM64.ActiveCfg = Debug|Any CPU
		{FD9BC61C-11BB-469E-8180-DBDFAE882092}.Debug|ARM64.Build.0 = Debug|Any CPU
		{FD9BC61C-11BB-469E-8180-DBDFAE882092}.Debug|x64.ActiveCfg = Debug|Any CPU
		{FD9BC61C-11BB-469E-8180-DBDFAE882092}.Debug|x64.Build.0 = Debug|Any CPU
		{FD9BC61C-11BB-469E-8180-DBDFAE882092}.Debug|x86.ActiveCfg = Debug|Any CPU
		{FD9BC61C-11BB-469E-8180-DBDFAE882092}.Debug|x86.Build.0 = Debug|Any CPU
		{FD9BC61C-11BB-469E-8180-DBDFAE882092}.Release|Any CPU.ActiveCfg = Release|Any CPU
		{FD9BC61C-11BB-469E-8180-DBDFAE882092}.Release|Any CPU.Build.0 = Release|Any CPU
		{FD9BC61C-11BB-469E-8180-DBDFAE882092}.Release|ARM.ActiveCfg = Release|Any CPU
		{FD9BC61C-11BB-469E-8180-DBDFAE882092}.Release|ARM.Build.0 = Release|Any CPU
		{FD9BC61C-11BB-469E-8180-DBDFAE882092}.Release|ARM64.ActiveCfg = Release|Any CPU
		{FD9BC61C-11BB-469E-8180-DBDFAE882092}.Release|ARM64.Build.0 = Release|Any CPU
		{FD9BC61C-11BB-469E-8180-DBDFAE882092}.Release|x64.ActiveCfg = Release|Any CPU
		{FD9BC61C-11BB-469E-8180-DBDFAE882092}.Release|x64.Build.0 = Release|Any CPU
		{FD9BC61C-11BB-469E-8180-DBDFAE882092}.Release|x86.ActiveCfg = Release|Any CPU
		{FD9BC61C-11BB-469E-8180-DBDFAE882092}.Release|x86.Build.0 = Release|Any CPU
		{D6EE8295-CB5E-4F8E-B0EE-61C24CF5A5E9}.Debug|Any CPU.ActiveCfg = Debug|Any CPU
		{D6EE8295-CB5E-4F8E-B0EE-61C24CF5A5E9}.Debug|Any CPU.Build.0 = Debug|Any CPU
		{D6EE8295-CB5E-4F8E-B0EE-61C24CF5A5E9}.Debug|ARM.ActiveCfg = Debug|Any CPU
		{D6EE8295-CB5E-4F8E-B0EE-61C24CF5A5E9}.Debug|ARM.Build.0 = Debug|Any CPU
		{D6EE8295-CB5E-4F8E-B0EE-61C24CF5A5E9}.Debug|ARM64.ActiveCfg = Debug|Any CPU
		{D6EE8295-CB5E-4F8E-B0EE-61C24CF5A5E9}.Debug|ARM64.Build.0 = Debug|Any CPU
		{D6EE8295-CB5E-4F8E-B0EE-61C24CF5A5E9}.Debug|x64.ActiveCfg = Debug|Any CPU
		{D6EE8295-CB5E-4F8E-B0EE-61C24CF5A5E9}.Debug|x64.Build.0 = Debug|Any CPU
		{D6EE8295-CB5E-4F8E-B0EE-61C24CF5A5E9}.Debug|x86.ActiveCfg = Debug|Any CPU
		{D6EE8295-CB5E-4F8E-B0EE-61C24CF5A5E9}.Debug|x86.Build.0 = Debug|Any CPU
		{D6EE8295-CB5E-4F8E-B0EE-61C24CF5A5E9}.Release|Any CPU.ActiveCfg = Release|Any CPU
		{D6EE8295-CB5E-4F8E-B0EE-61C24CF5A5E9}.Release|Any CPU.Build.0 = Release|Any CPU
		{D6EE8295-CB5E-4F8E-B0EE-61C24CF5A5E9}.Release|ARM.ActiveCfg = Release|Any CPU
		{D6EE8295-CB5E-4F8E-B0EE-61C24CF5A5E9}.Release|ARM.Build.0 = Release|Any CPU
		{D6EE8295-CB5E-4F8E-B0EE-61C24CF5A5E9}.Release|ARM64.ActiveCfg = Release|Any CPU
		{D6EE8295-CB5E-4F8E-B0EE-61C24CF5A5E9}.Release|ARM64.Build.0 = Release|Any CPU
		{D6EE8295-CB5E-4F8E-B0EE-61C24CF5A5E9}.Release|x64.ActiveCfg = Release|Any CPU
		{D6EE8295-CB5E-4F8E-B0EE-61C24CF5A5E9}.Release|x64.Build.0 = Release|Any CPU
		{D6EE8295-CB5E-4F8E-B0EE-61C24CF5A5E9}.Release|x86.ActiveCfg = Release|Any CPU
		{D6EE8295-CB5E-4F8E-B0EE-61C24CF5A5E9}.Release|x86.Build.0 = Release|Any CPU
		{78FA9CD6-2489-4A13-AEF1-F237453EDE81}.Debug|Any CPU.ActiveCfg = Debug|Any CPU
		{78FA9CD6-2489-4A13-AEF1-F237453EDE81}.Debug|Any CPU.Build.0 = Debug|Any CPU
		{78FA9CD6-2489-4A13-AEF1-F237453EDE81}.Debug|ARM.ActiveCfg = Debug|Any CPU
		{78FA9CD6-2489-4A13-AEF1-F237453EDE81}.Debug|ARM.Build.0 = Debug|Any CPU
		{78FA9CD6-2489-4A13-AEF1-F237453EDE81}.Debug|ARM64.ActiveCfg = Debug|Any CPU
		{78FA9CD6-2489-4A13-AEF1-F237453EDE81}.Debug|ARM64.Build.0 = Debug|Any CPU
		{78FA9CD6-2489-4A13-AEF1-F237453EDE81}.Debug|x64.ActiveCfg = Debug|Any CPU
		{78FA9CD6-2489-4A13-AEF1-F237453EDE81}.Debug|x64.Build.0 = Debug|Any CPU
		{78FA9CD6-2489-4A13-AEF1-F237453EDE81}.Debug|x86.ActiveCfg = Debug|Any CPU
		{78FA9CD6-2489-4A13-AEF1-F237453EDE81}.Debug|x86.Build.0 = Debug|Any CPU
		{78FA9CD6-2489-4A13-AEF1-F237453EDE81}.Release|Any CPU.ActiveCfg = Release|Any CPU
		{78FA9CD6-2489-4A13-AEF1-F237453EDE81}.Release|Any CPU.Build.0 = Release|Any CPU
		{78FA9CD6-2489-4A13-AEF1-F237453EDE81}.Release|ARM.ActiveCfg = Release|Any CPU
		{78FA9CD6-2489-4A13-AEF1-F237453EDE81}.Release|ARM.Build.0 = Release|Any CPU
		{78FA9CD6-2489-4A13-AEF1-F237453EDE81}.Release|ARM64.ActiveCfg = Release|Any CPU
		{78FA9CD6-2489-4A13-AEF1-F237453EDE81}.Release|ARM64.Build.0 = Release|Any CPU
		{78FA9CD6-2489-4A13-AEF1-F237453EDE81}.Release|x64.ActiveCfg = Release|Any CPU
		{78FA9CD6-2489-4A13-AEF1-F237453EDE81}.Release|x64.Build.0 = Release|Any CPU
		{78FA9CD6-2489-4A13-AEF1-F237453EDE81}.Release|x86.ActiveCfg = Release|Any CPU
		{78FA9CD6-2489-4A13-AEF1-F237453EDE81}.Release|x86.Build.0 = Release|Any CPU
		{6FFC40BD-34BA-48C1-BF90-C425E70DD696}.Debug|Any CPU.ActiveCfg = Debug|Any CPU
		{6FFC40BD-34BA-48C1-BF90-C425E70DD696}.Debug|Any CPU.Build.0 = Debug|Any CPU
		{6FFC40BD-34BA-48C1-BF90-C425E70DD696}.Debug|ARM.ActiveCfg = Debug|Any CPU
		{6FFC40BD-34BA-48C1-BF90-C425E70DD696}.Debug|ARM.Build.0 = Debug|Any CPU
		{6FFC40BD-34BA-48C1-BF90-C425E70DD696}.Debug|ARM64.ActiveCfg = Debug|Any CPU
		{6FFC40BD-34BA-48C1-BF90-C425E70DD696}.Debug|ARM64.Build.0 = Debug|Any CPU
		{6FFC40BD-34BA-48C1-BF90-C425E70DD696}.Debug|x64.ActiveCfg = Debug|Any CPU
		{6FFC40BD-34BA-48C1-BF90-C425E70DD696}.Debug|x64.Build.0 = Debug|Any CPU
		{6FFC40BD-34BA-48C1-BF90-C425E70DD696}.Debug|x86.ActiveCfg = Debug|Any CPU
		{6FFC40BD-34BA-48C1-BF90-C425E70DD696}.Debug|x86.Build.0 = Debug|Any CPU
		{6FFC40BD-34BA-48C1-BF90-C425E70DD696}.Release|Any CPU.ActiveCfg = Release|Any CPU
		{6FFC40BD-34BA-48C1-BF90-C425E70DD696}.Release|Any CPU.Build.0 = Release|Any CPU
		{6FFC40BD-34BA-48C1-BF90-C425E70DD696}.Release|ARM.ActiveCfg = Release|Any CPU
		{6FFC40BD-34BA-48C1-BF90-C425E70DD696}.Release|ARM.Build.0 = Release|Any CPU
		{6FFC40BD-34BA-48C1-BF90-C425E70DD696}.Release|ARM64.ActiveCfg = Release|Any CPU
		{6FFC40BD-34BA-48C1-BF90-C425E70DD696}.Release|ARM64.Build.0 = Release|Any CPU
		{6FFC40BD-34BA-48C1-BF90-C425E70DD696}.Release|x64.ActiveCfg = Release|Any CPU
		{6FFC40BD-34BA-48C1-BF90-C425E70DD696}.Release|x64.Build.0 = Release|Any CPU
		{6FFC40BD-34BA-48C1-BF90-C425E70DD696}.Release|x86.ActiveCfg = Release|Any CPU
		{6FFC40BD-34BA-48C1-BF90-C425E70DD696}.Release|x86.Build.0 = Release|Any CPU
		{AC35B4AF-02D5-4CFA-822C-4BCF5FD4DDAB}.Debug|Any CPU.ActiveCfg = Debug|Any CPU
		{AC35B4AF-02D5-4CFA-822C-4BCF5FD4DDAB}.Debug|Any CPU.Build.0 = Debug|Any CPU
		{AC35B4AF-02D5-4CFA-822C-4BCF5FD4DDAB}.Debug|ARM.ActiveCfg = Debug|Any CPU
		{AC35B4AF-02D5-4CFA-822C-4BCF5FD4DDAB}.Debug|ARM.Build.0 = Debug|Any CPU
		{AC35B4AF-02D5-4CFA-822C-4BCF5FD4DDAB}.Debug|ARM64.ActiveCfg = Debug|Any CPU
		{AC35B4AF-02D5-4CFA-822C-4BCF5FD4DDAB}.Debug|ARM64.Build.0 = Debug|Any CPU
		{AC35B4AF-02D5-4CFA-822C-4BCF5FD4DDAB}.Debug|x64.ActiveCfg = Debug|Any CPU
		{AC35B4AF-02D5-4CFA-822C-4BCF5FD4DDAB}.Debug|x64.Build.0 = Debug|Any CPU
		{AC35B4AF-02D5-4CFA-822C-4BCF5FD4DDAB}.Debug|x86.ActiveCfg = Debug|Any CPU
		{AC35B4AF-02D5-4CFA-822C-4BCF5FD4DDAB}.Debug|x86.Build.0 = Debug|Any CPU
		{AC35B4AF-02D5-4CFA-822C-4BCF5FD4DDAB}.Release|Any CPU.ActiveCfg = Release|Any CPU
		{AC35B4AF-02D5-4CFA-822C-4BCF5FD4DDAB}.Release|Any CPU.Build.0 = Release|Any CPU
		{AC35B4AF-02D5-4CFA-822C-4BCF5FD4DDAB}.Release|ARM.ActiveCfg = Release|Any CPU
		{AC35B4AF-02D5-4CFA-822C-4BCF5FD4DDAB}.Release|ARM.Build.0 = Release|Any CPU
		{AC35B4AF-02D5-4CFA-822C-4BCF5FD4DDAB}.Release|ARM64.ActiveCfg = Release|Any CPU
		{AC35B4AF-02D5-4CFA-822C-4BCF5FD4DDAB}.Release|ARM64.Build.0 = Release|Any CPU
		{AC35B4AF-02D5-4CFA-822C-4BCF5FD4DDAB}.Release|x64.ActiveCfg = Release|Any CPU
		{AC35B4AF-02D5-4CFA-822C-4BCF5FD4DDAB}.Release|x64.Build.0 = Release|Any CPU
		{AC35B4AF-02D5-4CFA-822C-4BCF5FD4DDAB}.Release|x86.ActiveCfg = Release|Any CPU
		{AC35B4AF-02D5-4CFA-822C-4BCF5FD4DDAB}.Release|x86.Build.0 = Release|Any CPU
		{EA2A1CAF-1F8B-4532-83C6-F2A34245924F}.Debug|Any CPU.ActiveCfg = Debug|Any CPU
		{EA2A1CAF-1F8B-4532-83C6-F2A34245924F}.Debug|Any CPU.Build.0 = Debug|Any CPU
		{EA2A1CAF-1F8B-4532-83C6-F2A34245924F}.Debug|ARM.ActiveCfg = Debug|Any CPU
		{EA2A1CAF-1F8B-4532-83C6-F2A34245924F}.Debug|ARM.Build.0 = Debug|Any CPU
		{EA2A1CAF-1F8B-4532-83C6-F2A34245924F}.Debug|ARM64.ActiveCfg = Debug|Any CPU
		{EA2A1CAF-1F8B-4532-83C6-F2A34245924F}.Debug|ARM64.Build.0 = Debug|Any CPU
		{EA2A1CAF-1F8B-4532-83C6-F2A34245924F}.Debug|x64.ActiveCfg = Debug|Any CPU
		{EA2A1CAF-1F8B-4532-83C6-F2A34245924F}.Debug|x64.Build.0 = Debug|Any CPU
		{EA2A1CAF-1F8B-4532-83C6-F2A34245924F}.Debug|x86.ActiveCfg = Debug|Any CPU
		{EA2A1CAF-1F8B-4532-83C6-F2A34245924F}.Debug|x86.Build.0 = Debug|Any CPU
		{EA2A1CAF-1F8B-4532-83C6-F2A34245924F}.Release|Any CPU.ActiveCfg = Release|Any CPU
		{EA2A1CAF-1F8B-4532-83C6-F2A34245924F}.Release|Any CPU.Build.0 = Release|Any CPU
		{EA2A1CAF-1F8B-4532-83C6-F2A34245924F}.Release|ARM.ActiveCfg = Release|Any CPU
		{EA2A1CAF-1F8B-4532-83C6-F2A34245924F}.Release|ARM.Build.0 = Release|Any CPU
		{EA2A1CAF-1F8B-4532-83C6-F2A34245924F}.Release|ARM64.ActiveCfg = Release|Any CPU
		{EA2A1CAF-1F8B-4532-83C6-F2A34245924F}.Release|ARM64.Build.0 = Release|Any CPU
		{EA2A1CAF-1F8B-4532-83C6-F2A34245924F}.Release|x64.ActiveCfg = Release|Any CPU
		{EA2A1CAF-1F8B-4532-83C6-F2A34245924F}.Release|x64.Build.0 = Release|Any CPU
		{EA2A1CAF-1F8B-4532-83C6-F2A34245924F}.Release|x86.ActiveCfg = Release|Any CPU
		{EA2A1CAF-1F8B-4532-83C6-F2A34245924F}.Release|x86.Build.0 = Release|Any CPU
		{2A263BF5-1263-4125-A77A-0D4CDEB389B4}.Debug|Any CPU.ActiveCfg = Debug|Any CPU
		{2A263BF5-1263-4125-A77A-0D4CDEB389B4}.Debug|Any CPU.Build.0 = Debug|Any CPU
		{2A263BF5-1263-4125-A77A-0D4CDEB389B4}.Debug|ARM.ActiveCfg = Debug|Any CPU
		{2A263BF5-1263-4125-A77A-0D4CDEB389B4}.Debug|ARM.Build.0 = Debug|Any CPU
		{2A263BF5-1263-4125-A77A-0D4CDEB389B4}.Debug|ARM64.ActiveCfg = Debug|Any CPU
		{2A263BF5-1263-4125-A77A-0D4CDEB389B4}.Debug|ARM64.Build.0 = Debug|Any CPU
		{2A263BF5-1263-4125-A77A-0D4CDEB389B4}.Debug|x64.ActiveCfg = Debug|Any CPU
		{2A263BF5-1263-4125-A77A-0D4CDEB389B4}.Debug|x64.Build.0 = Debug|Any CPU
		{2A263BF5-1263-4125-A77A-0D4CDEB389B4}.Debug|x86.ActiveCfg = Debug|Any CPU
		{2A263BF5-1263-4125-A77A-0D4CDEB389B4}.Debug|x86.Build.0 = Debug|Any CPU
		{2A263BF5-1263-4125-A77A-0D4CDEB389B4}.Release|Any CPU.ActiveCfg = Release|Any CPU
		{2A263BF5-1263-4125-A77A-0D4CDEB389B4}.Release|Any CPU.Build.0 = Release|Any CPU
		{2A263BF5-1263-4125-A77A-0D4CDEB389B4}.Release|ARM.ActiveCfg = Release|Any CPU
		{2A263BF5-1263-4125-A77A-0D4CDEB389B4}.Release|ARM.Build.0 = Release|Any CPU
		{2A263BF5-1263-4125-A77A-0D4CDEB389B4}.Release|ARM64.ActiveCfg = Release|Any CPU
		{2A263BF5-1263-4125-A77A-0D4CDEB389B4}.Release|ARM64.Build.0 = Release|Any CPU
		{2A263BF5-1263-4125-A77A-0D4CDEB389B4}.Release|x64.ActiveCfg = Release|Any CPU
		{2A263BF5-1263-4125-A77A-0D4CDEB389B4}.Release|x64.Build.0 = Release|Any CPU
		{2A263BF5-1263-4125-A77A-0D4CDEB389B4}.Release|x86.ActiveCfg = Release|Any CPU
		{2A263BF5-1263-4125-A77A-0D4CDEB389B4}.Release|x86.Build.0 = Release|Any CPU
		{BA800A0C-A1AC-4A85-A97C-7D9EA8223338}.Debug|Any CPU.ActiveCfg = Debug|Any CPU
		{BA800A0C-A1AC-4A85-A97C-7D9EA8223338}.Debug|Any CPU.Build.0 = Debug|Any CPU
		{BA800A0C-A1AC-4A85-A97C-7D9EA8223338}.Debug|ARM.ActiveCfg = Debug|Any CPU
		{BA800A0C-A1AC-4A85-A97C-7D9EA8223338}.Debug|ARM.Build.0 = Debug|Any CPU
		{BA800A0C-A1AC-4A85-A97C-7D9EA8223338}.Debug|ARM64.ActiveCfg = Debug|Any CPU
		{BA800A0C-A1AC-4A85-A97C-7D9EA8223338}.Debug|ARM64.Build.0 = Debug|Any CPU
		{BA800A0C-A1AC-4A85-A97C-7D9EA8223338}.Debug|x64.ActiveCfg = Debug|Any CPU
		{BA800A0C-A1AC-4A85-A97C-7D9EA8223338}.Debug|x64.Build.0 = Debug|Any CPU
		{BA800A0C-A1AC-4A85-A97C-7D9EA8223338}.Debug|x86.ActiveCfg = Debug|Any CPU
		{BA800A0C-A1AC-4A85-A97C-7D9EA8223338}.Debug|x86.Build.0 = Debug|Any CPU
		{BA800A0C-A1AC-4A85-A97C-7D9EA8223338}.Release|Any CPU.ActiveCfg = Release|Any CPU
		{BA800A0C-A1AC-4A85-A97C-7D9EA8223338}.Release|Any CPU.Build.0 = Release|Any CPU
		{BA800A0C-A1AC-4A85-A97C-7D9EA8223338}.Release|ARM.ActiveCfg = Release|Any CPU
		{BA800A0C-A1AC-4A85-A97C-7D9EA8223338}.Release|ARM.Build.0 = Release|Any CPU
		{BA800A0C-A1AC-4A85-A97C-7D9EA8223338}.Release|ARM64.ActiveCfg = Release|Any CPU
		{BA800A0C-A1AC-4A85-A97C-7D9EA8223338}.Release|ARM64.Build.0 = Release|Any CPU
		{BA800A0C-A1AC-4A85-A97C-7D9EA8223338}.Release|x64.ActiveCfg = Release|Any CPU
		{BA800A0C-A1AC-4A85-A97C-7D9EA8223338}.Release|x64.Build.0 = Release|Any CPU
		{BA800A0C-A1AC-4A85-A97C-7D9EA8223338}.Release|x86.ActiveCfg = Release|Any CPU
		{BA800A0C-A1AC-4A85-A97C-7D9EA8223338}.Release|x86.Build.0 = Release|Any CPU
		{2ED284FD-C753-42BF-8867-F5A594B92B76}.Debug|Any CPU.ActiveCfg = Debug|Any CPU
		{2ED284FD-C753-42BF-8867-F5A594B92B76}.Debug|Any CPU.Build.0 = Debug|Any CPU
		{2ED284FD-C753-42BF-8867-F5A594B92B76}.Debug|ARM.ActiveCfg = Debug|Any CPU
		{2ED284FD-C753-42BF-8867-F5A594B92B76}.Debug|ARM.Build.0 = Debug|Any CPU
		{2ED284FD-C753-42BF-8867-F5A594B92B76}.Debug|ARM64.ActiveCfg = Debug|Any CPU
		{2ED284FD-C753-42BF-8867-F5A594B92B76}.Debug|ARM64.Build.0 = Debug|Any CPU
		{2ED284FD-C753-42BF-8867-F5A594B92B76}.Debug|x64.ActiveCfg = Debug|Any CPU
		{2ED284FD-C753-42BF-8867-F5A594B92B76}.Debug|x64.Build.0 = Debug|Any CPU
		{2ED284FD-C753-42BF-8867-F5A594B92B76}.Debug|x86.ActiveCfg = Debug|Any CPU
		{2ED284FD-C753-42BF-8867-F5A594B92B76}.Debug|x86.Build.0 = Debug|Any CPU
		{2ED284FD-C753-42BF-8867-F5A594B92B76}.Release|Any CPU.ActiveCfg = Release|Any CPU
		{2ED284FD-C753-42BF-8867-F5A594B92B76}.Release|Any CPU.Build.0 = Release|Any CPU
		{2ED284FD-C753-42BF-8867-F5A594B92B76}.Release|ARM.ActiveCfg = Release|Any CPU
		{2ED284FD-C753-42BF-8867-F5A594B92B76}.Release|ARM.Build.0 = Release|Any CPU
		{2ED284FD-C753-42BF-8867-F5A594B92B76}.Release|ARM64.ActiveCfg = Release|Any CPU
		{2ED284FD-C753-42BF-8867-F5A594B92B76}.Release|ARM64.Build.0 = Release|Any CPU
		{2ED284FD-C753-42BF-8867-F5A594B92B76}.Release|x64.ActiveCfg = Release|Any CPU
		{2ED284FD-C753-42BF-8867-F5A594B92B76}.Release|x64.Build.0 = Release|Any CPU
		{2ED284FD-C753-42BF-8867-F5A594B92B76}.Release|x86.ActiveCfg = Release|Any CPU
		{2ED284FD-C753-42BF-8867-F5A594B92B76}.Release|x86.Build.0 = Release|Any CPU
		{2698150C-069E-48F3-9A84-B38E328AA30E}.Debug|Any CPU.ActiveCfg = Debug|Any CPU
		{2698150C-069E-48F3-9A84-B38E328AA30E}.Debug|Any CPU.Build.0 = Debug|Any CPU
		{2698150C-069E-48F3-9A84-B38E328AA30E}.Debug|ARM.ActiveCfg = Debug|Any CPU
		{2698150C-069E-48F3-9A84-B38E328AA30E}.Debug|ARM.Build.0 = Debug|Any CPU
		{2698150C-069E-48F3-9A84-B38E328AA30E}.Debug|ARM64.ActiveCfg = Debug|Any CPU
		{2698150C-069E-48F3-9A84-B38E328AA30E}.Debug|ARM64.Build.0 = Debug|Any CPU
		{2698150C-069E-48F3-9A84-B38E328AA30E}.Debug|x64.ActiveCfg = Debug|Any CPU
		{2698150C-069E-48F3-9A84-B38E328AA30E}.Debug|x64.Build.0 = Debug|Any CPU
		{2698150C-069E-48F3-9A84-B38E328AA30E}.Debug|x86.ActiveCfg = Debug|Any CPU
		{2698150C-069E-48F3-9A84-B38E328AA30E}.Debug|x86.Build.0 = Debug|Any CPU
		{2698150C-069E-48F3-9A84-B38E328AA30E}.Release|Any CPU.ActiveCfg = Release|Any CPU
		{2698150C-069E-48F3-9A84-B38E328AA30E}.Release|Any CPU.Build.0 = Release|Any CPU
		{2698150C-069E-48F3-9A84-B38E328AA30E}.Release|ARM.ActiveCfg = Release|Any CPU
		{2698150C-069E-48F3-9A84-B38E328AA30E}.Release|ARM.Build.0 = Release|Any CPU
		{2698150C-069E-48F3-9A84-B38E328AA30E}.Release|ARM64.ActiveCfg = Release|Any CPU
		{2698150C-069E-48F3-9A84-B38E328AA30E}.Release|ARM64.Build.0 = Release|Any CPU
		{2698150C-069E-48F3-9A84-B38E328AA30E}.Release|x64.ActiveCfg = Release|Any CPU
		{2698150C-069E-48F3-9A84-B38E328AA30E}.Release|x64.Build.0 = Release|Any CPU
		{2698150C-069E-48F3-9A84-B38E328AA30E}.Release|x86.ActiveCfg = Release|Any CPU
		{2698150C-069E-48F3-9A84-B38E328AA30E}.Release|x86.Build.0 = Release|Any CPU
		{4D64189C-263C-4BDF-989C-362A586173E1}.Debug|Any CPU.ActiveCfg = Debug|Any CPU
		{4D64189C-263C-4BDF-989C-362A586173E1}.Debug|Any CPU.Build.0 = Debug|Any CPU
		{4D64189C-263C-4BDF-989C-362A586173E1}.Debug|ARM.ActiveCfg = Debug|Any CPU
		{4D64189C-263C-4BDF-989C-362A586173E1}.Debug|ARM.Build.0 = Debug|Any CPU
		{4D64189C-263C-4BDF-989C-362A586173E1}.Debug|ARM64.ActiveCfg = Debug|Any CPU
		{4D64189C-263C-4BDF-989C-362A586173E1}.Debug|ARM64.Build.0 = Debug|Any CPU
		{4D64189C-263C-4BDF-989C-362A586173E1}.Debug|x64.ActiveCfg = Debug|Any CPU
		{4D64189C-263C-4BDF-989C-362A586173E1}.Debug|x64.Build.0 = Debug|Any CPU
		{4D64189C-263C-4BDF-989C-362A586173E1}.Debug|x86.ActiveCfg = Debug|Any CPU
		{4D64189C-263C-4BDF-989C-362A586173E1}.Debug|x86.Build.0 = Debug|Any CPU
		{4D64189C-263C-4BDF-989C-362A586173E1}.Release|Any CPU.ActiveCfg = Release|Any CPU
		{4D64189C-263C-4BDF-989C-362A586173E1}.Release|Any CPU.Build.0 = Release|Any CPU
		{4D64189C-263C-4BDF-989C-362A586173E1}.Release|ARM.ActiveCfg = Release|Any CPU
		{4D64189C-263C-4BDF-989C-362A586173E1}.Release|ARM.Build.0 = Release|Any CPU
		{4D64189C-263C-4BDF-989C-362A586173E1}.Release|ARM64.ActiveCfg = Release|Any CPU
		{4D64189C-263C-4BDF-989C-362A586173E1}.Release|ARM64.Build.0 = Release|Any CPU
		{4D64189C-263C-4BDF-989C-362A586173E1}.Release|x64.ActiveCfg = Release|Any CPU
		{4D64189C-263C-4BDF-989C-362A586173E1}.Release|x64.Build.0 = Release|Any CPU
		{4D64189C-263C-4BDF-989C-362A586173E1}.Release|x86.ActiveCfg = Release|Any CPU
		{4D64189C-263C-4BDF-989C-362A586173E1}.Release|x86.Build.0 = Release|Any CPU
		{1CD6765C-9716-48EC-8912-9D7F36BBE65E}.Debug|Any CPU.ActiveCfg = Debug|Any CPU
		{1CD6765C-9716-48EC-8912-9D7F36BBE65E}.Debug|Any CPU.Build.0 = Debug|Any CPU
		{1CD6765C-9716-48EC-8912-9D7F36BBE65E}.Debug|ARM.ActiveCfg = Debug|Any CPU
		{1CD6765C-9716-48EC-8912-9D7F36BBE65E}.Debug|ARM.Build.0 = Debug|Any CPU
		{1CD6765C-9716-48EC-8912-9D7F36BBE65E}.Debug|ARM64.ActiveCfg = Debug|Any CPU
		{1CD6765C-9716-48EC-8912-9D7F36BBE65E}.Debug|ARM64.Build.0 = Debug|Any CPU
		{1CD6765C-9716-48EC-8912-9D7F36BBE65E}.Debug|x64.ActiveCfg = Debug|Any CPU
		{1CD6765C-9716-48EC-8912-9D7F36BBE65E}.Debug|x64.Build.0 = Debug|Any CPU
		{1CD6765C-9716-48EC-8912-9D7F36BBE65E}.Debug|x86.ActiveCfg = Debug|Any CPU
		{1CD6765C-9716-48EC-8912-9D7F36BBE65E}.Debug|x86.Build.0 = Debug|Any CPU
		{1CD6765C-9716-48EC-8912-9D7F36BBE65E}.Release|Any CPU.ActiveCfg = Release|Any CPU
		{1CD6765C-9716-48EC-8912-9D7F36BBE65E}.Release|Any CPU.Build.0 = Release|Any CPU
		{1CD6765C-9716-48EC-8912-9D7F36BBE65E}.Release|ARM.ActiveCfg = Release|Any CPU
		{1CD6765C-9716-48EC-8912-9D7F36BBE65E}.Release|ARM.Build.0 = Release|Any CPU
		{1CD6765C-9716-48EC-8912-9D7F36BBE65E}.Release|ARM64.ActiveCfg = Release|Any CPU
		{1CD6765C-9716-48EC-8912-9D7F36BBE65E}.Release|ARM64.Build.0 = Release|Any CPU
		{1CD6765C-9716-48EC-8912-9D7F36BBE65E}.Release|x64.ActiveCfg = Release|Any CPU
		{1CD6765C-9716-48EC-8912-9D7F36BBE65E}.Release|x64.Build.0 = Release|Any CPU
		{1CD6765C-9716-48EC-8912-9D7F36BBE65E}.Release|x86.ActiveCfg = Release|Any CPU
		{1CD6765C-9716-48EC-8912-9D7F36BBE65E}.Release|x86.Build.0 = Release|Any CPU
		{0DDEC9A9-B42B-40CA-8FC8-673F44318BC2}.Debug|Any CPU.ActiveCfg = Debug|Any CPU
		{0DDEC9A9-B42B-40CA-8FC8-673F44318BC2}.Debug|Any CPU.Build.0 = Debug|Any CPU
		{0DDEC9A9-B42B-40CA-8FC8-673F44318BC2}.Debug|ARM.ActiveCfg = Debug|Any CPU
		{0DDEC9A9-B42B-40CA-8FC8-673F44318BC2}.Debug|ARM.Build.0 = Debug|Any CPU
		{0DDEC9A9-B42B-40CA-8FC8-673F44318BC2}.Debug|ARM64.ActiveCfg = Debug|Any CPU
		{0DDEC9A9-B42B-40CA-8FC8-673F44318BC2}.Debug|ARM64.Build.0 = Debug|Any CPU
		{0DDEC9A9-B42B-40CA-8FC8-673F44318BC2}.Debug|x64.ActiveCfg = Debug|Any CPU
		{0DDEC9A9-B42B-40CA-8FC8-673F44318BC2}.Debug|x64.Build.0 = Debug|Any CPU
		{0DDEC9A9-B42B-40CA-8FC8-673F44318BC2}.Debug|x86.ActiveCfg = Debug|Any CPU
		{0DDEC9A9-B42B-40CA-8FC8-673F44318BC2}.Debug|x86.Build.0 = Debug|Any CPU
		{0DDEC9A9-B42B-40CA-8FC8-673F44318BC2}.Release|Any CPU.ActiveCfg = Release|Any CPU
		{0DDEC9A9-B42B-40CA-8FC8-673F44318BC2}.Release|Any CPU.Build.0 = Release|Any CPU
		{0DDEC9A9-B42B-40CA-8FC8-673F44318BC2}.Release|ARM.ActiveCfg = Release|Any CPU
		{0DDEC9A9-B42B-40CA-8FC8-673F44318BC2}.Release|ARM.Build.0 = Release|Any CPU
		{0DDEC9A9-B42B-40CA-8FC8-673F44318BC2}.Release|ARM64.ActiveCfg = Release|Any CPU
		{0DDEC9A9-B42B-40CA-8FC8-673F44318BC2}.Release|ARM64.Build.0 = Release|Any CPU
		{0DDEC9A9-B42B-40CA-8FC8-673F44318BC2}.Release|x64.ActiveCfg = Release|Any CPU
		{0DDEC9A9-B42B-40CA-8FC8-673F44318BC2}.Release|x64.Build.0 = Release|Any CPU
		{0DDEC9A9-B42B-40CA-8FC8-673F44318BC2}.Release|x86.ActiveCfg = Release|Any CPU
		{0DDEC9A9-B42B-40CA-8FC8-673F44318BC2}.Release|x86.Build.0 = Release|Any CPU
		{42BA1A64-1D6E-4F93-9F33-558D3DF5DCCB}.Debug|Any CPU.ActiveCfg = Debug|Any CPU
		{42BA1A64-1D6E-4F93-9F33-558D3DF5DCCB}.Debug|Any CPU.Build.0 = Debug|Any CPU
		{42BA1A64-1D6E-4F93-9F33-558D3DF5DCCB}.Debug|ARM.ActiveCfg = Debug|Any CPU
		{42BA1A64-1D6E-4F93-9F33-558D3DF5DCCB}.Debug|ARM.Build.0 = Debug|Any CPU
		{42BA1A64-1D6E-4F93-9F33-558D3DF5DCCB}.Debug|ARM64.ActiveCfg = Debug|Any CPU
		{42BA1A64-1D6E-4F93-9F33-558D3DF5DCCB}.Debug|ARM64.Build.0 = Debug|Any CPU
		{42BA1A64-1D6E-4F93-9F33-558D3DF5DCCB}.Debug|x64.ActiveCfg = Debug|Any CPU
		{42BA1A64-1D6E-4F93-9F33-558D3DF5DCCB}.Debug|x64.Build.0 = Debug|Any CPU
		{42BA1A64-1D6E-4F93-9F33-558D3DF5DCCB}.Debug|x86.ActiveCfg = Debug|Any CPU
		{42BA1A64-1D6E-4F93-9F33-558D3DF5DCCB}.Debug|x86.Build.0 = Debug|Any CPU
		{42BA1A64-1D6E-4F93-9F33-558D3DF5DCCB}.Release|Any CPU.ActiveCfg = Release|Any CPU
		{42BA1A64-1D6E-4F93-9F33-558D3DF5DCCB}.Release|Any CPU.Build.0 = Release|Any CPU
		{42BA1A64-1D6E-4F93-9F33-558D3DF5DCCB}.Release|ARM.ActiveCfg = Release|Any CPU
		{42BA1A64-1D6E-4F93-9F33-558D3DF5DCCB}.Release|ARM.Build.0 = Release|Any CPU
		{42BA1A64-1D6E-4F93-9F33-558D3DF5DCCB}.Release|ARM64.ActiveCfg = Release|Any CPU
		{42BA1A64-1D6E-4F93-9F33-558D3DF5DCCB}.Release|ARM64.Build.0 = Release|Any CPU
		{42BA1A64-1D6E-4F93-9F33-558D3DF5DCCB}.Release|x64.ActiveCfg = Release|Any CPU
		{42BA1A64-1D6E-4F93-9F33-558D3DF5DCCB}.Release|x64.Build.0 = Release|Any CPU
		{42BA1A64-1D6E-4F93-9F33-558D3DF5DCCB}.Release|x86.ActiveCfg = Release|Any CPU
		{42BA1A64-1D6E-4F93-9F33-558D3DF5DCCB}.Release|x86.Build.0 = Release|Any CPU
		{94882563-519D-46FA-8F37-F26801B87B89}.Debug|Any CPU.ActiveCfg = Debug|Any CPU
		{94882563-519D-46FA-8F37-F26801B87B89}.Debug|Any CPU.Build.0 = Debug|Any CPU
		{94882563-519D-46FA-8F37-F26801B87B89}.Debug|ARM.ActiveCfg = Debug|Any CPU
		{94882563-519D-46FA-8F37-F26801B87B89}.Debug|ARM.Build.0 = Debug|Any CPU
		{94882563-519D-46FA-8F37-F26801B87B89}.Debug|ARM64.ActiveCfg = Debug|Any CPU
		{94882563-519D-46FA-8F37-F26801B87B89}.Debug|ARM64.Build.0 = Debug|Any CPU
		{94882563-519D-46FA-8F37-F26801B87B89}.Debug|x64.ActiveCfg = Debug|Any CPU
		{94882563-519D-46FA-8F37-F26801B87B89}.Debug|x64.Build.0 = Debug|Any CPU
		{94882563-519D-46FA-8F37-F26801B87B89}.Debug|x86.ActiveCfg = Debug|Any CPU
		{94882563-519D-46FA-8F37-F26801B87B89}.Debug|x86.Build.0 = Debug|Any CPU
		{94882563-519D-46FA-8F37-F26801B87B89}.Release|Any CPU.ActiveCfg = Release|Any CPU
		{94882563-519D-46FA-8F37-F26801B87B89}.Release|Any CPU.Build.0 = Release|Any CPU
		{94882563-519D-46FA-8F37-F26801B87B89}.Release|ARM.ActiveCfg = Release|Any CPU
		{94882563-519D-46FA-8F37-F26801B87B89}.Release|ARM.Build.0 = Release|Any CPU
		{94882563-519D-46FA-8F37-F26801B87B89}.Release|ARM64.ActiveCfg = Release|Any CPU
		{94882563-519D-46FA-8F37-F26801B87B89}.Release|ARM64.Build.0 = Release|Any CPU
		{94882563-519D-46FA-8F37-F26801B87B89}.Release|x64.ActiveCfg = Release|Any CPU
		{94882563-519D-46FA-8F37-F26801B87B89}.Release|x64.Build.0 = Release|Any CPU
		{94882563-519D-46FA-8F37-F26801B87B89}.Release|x86.ActiveCfg = Release|Any CPU
		{94882563-519D-46FA-8F37-F26801B87B89}.Release|x86.Build.0 = Release|Any CPU
		{8102AA54-E2A4-4ADE-959D-F56DC06CA087}.Debug|Any CPU.ActiveCfg = Debug|Any CPU
		{8102AA54-E2A4-4ADE-959D-F56DC06CA087}.Debug|Any CPU.Build.0 = Debug|Any CPU
		{8102AA54-E2A4-4ADE-959D-F56DC06CA087}.Debug|ARM.ActiveCfg = Debug|Any CPU
		{8102AA54-E2A4-4ADE-959D-F56DC06CA087}.Debug|ARM.Build.0 = Debug|Any CPU
		{8102AA54-E2A4-4ADE-959D-F56DC06CA087}.Debug|ARM64.ActiveCfg = Debug|Any CPU
		{8102AA54-E2A4-4ADE-959D-F56DC06CA087}.Debug|ARM64.Build.0 = Debug|Any CPU
		{8102AA54-E2A4-4ADE-959D-F56DC06CA087}.Debug|x64.ActiveCfg = Debug|Any CPU
		{8102AA54-E2A4-4ADE-959D-F56DC06CA087}.Debug|x64.Build.0 = Debug|Any CPU
		{8102AA54-E2A4-4ADE-959D-F56DC06CA087}.Debug|x86.ActiveCfg = Debug|Any CPU
		{8102AA54-E2A4-4ADE-959D-F56DC06CA087}.Debug|x86.Build.0 = Debug|Any CPU
		{8102AA54-E2A4-4ADE-959D-F56DC06CA087}.Release|Any CPU.ActiveCfg = Release|Any CPU
		{8102AA54-E2A4-4ADE-959D-F56DC06CA087}.Release|Any CPU.Build.0 = Release|Any CPU
		{8102AA54-E2A4-4ADE-959D-F56DC06CA087}.Release|ARM.ActiveCfg = Release|Any CPU
		{8102AA54-E2A4-4ADE-959D-F56DC06CA087}.Release|ARM.Build.0 = Release|Any CPU
		{8102AA54-E2A4-4ADE-959D-F56DC06CA087}.Release|ARM64.ActiveCfg = Release|Any CPU
		{8102AA54-E2A4-4ADE-959D-F56DC06CA087}.Release|ARM64.Build.0 = Release|Any CPU
		{8102AA54-E2A4-4ADE-959D-F56DC06CA087}.Release|x64.ActiveCfg = Release|Any CPU
		{8102AA54-E2A4-4ADE-959D-F56DC06CA087}.Release|x64.Build.0 = Release|Any CPU
		{8102AA54-E2A4-4ADE-959D-F56DC06CA087}.Release|x86.ActiveCfg = Release|Any CPU
		{8102AA54-E2A4-4ADE-959D-F56DC06CA087}.Release|x86.Build.0 = Release|Any CPU
		{6DC068F6-6055-4E0A-9C55-75A78CA08575}.Debug|Any CPU.ActiveCfg = Debug|Any CPU
		{6DC068F6-6055-4E0A-9C55-75A78CA08575}.Debug|Any CPU.Build.0 = Debug|Any CPU
		{6DC068F6-6055-4E0A-9C55-75A78CA08575}.Debug|ARM.ActiveCfg = Debug|Any CPU
		{6DC068F6-6055-4E0A-9C55-75A78CA08575}.Debug|ARM.Build.0 = Debug|Any CPU
		{6DC068F6-6055-4E0A-9C55-75A78CA08575}.Debug|ARM64.ActiveCfg = Debug|Any CPU
		{6DC068F6-6055-4E0A-9C55-75A78CA08575}.Debug|ARM64.Build.0 = Debug|Any CPU
		{6DC068F6-6055-4E0A-9C55-75A78CA08575}.Debug|x64.ActiveCfg = Debug|Any CPU
		{6DC068F6-6055-4E0A-9C55-75A78CA08575}.Debug|x64.Build.0 = Debug|Any CPU
		{6DC068F6-6055-4E0A-9C55-75A78CA08575}.Debug|x86.ActiveCfg = Debug|Any CPU
		{6DC068F6-6055-4E0A-9C55-75A78CA08575}.Debug|x86.Build.0 = Debug|Any CPU
		{6DC068F6-6055-4E0A-9C55-75A78CA08575}.Release|Any CPU.ActiveCfg = Release|Any CPU
		{6DC068F6-6055-4E0A-9C55-75A78CA08575}.Release|Any CPU.Build.0 = Release|Any CPU
		{6DC068F6-6055-4E0A-9C55-75A78CA08575}.Release|ARM.ActiveCfg = Release|Any CPU
		{6DC068F6-6055-4E0A-9C55-75A78CA08575}.Release|ARM.Build.0 = Release|Any CPU
		{6DC068F6-6055-4E0A-9C55-75A78CA08575}.Release|ARM64.ActiveCfg = Release|Any CPU
		{6DC068F6-6055-4E0A-9C55-75A78CA08575}.Release|ARM64.Build.0 = Release|Any CPU
		{6DC068F6-6055-4E0A-9C55-75A78CA08575}.Release|x64.ActiveCfg = Release|Any CPU
		{6DC068F6-6055-4E0A-9C55-75A78CA08575}.Release|x64.Build.0 = Release|Any CPU
		{6DC068F6-6055-4E0A-9C55-75A78CA08575}.Release|x86.ActiveCfg = Release|Any CPU
		{6DC068F6-6055-4E0A-9C55-75A78CA08575}.Release|x86.Build.0 = Release|Any CPU
		{83DD70F4-8AB3-43DA-80CE-8980B31B656D}.Debug|Any CPU.ActiveCfg = Debug|Any CPU
		{83DD70F4-8AB3-43DA-80CE-8980B31B656D}.Debug|Any CPU.Build.0 = Debug|Any CPU
		{83DD70F4-8AB3-43DA-80CE-8980B31B656D}.Debug|ARM.ActiveCfg = Debug|Any CPU
		{83DD70F4-8AB3-43DA-80CE-8980B31B656D}.Debug|ARM.Build.0 = Debug|Any CPU
		{83DD70F4-8AB3-43DA-80CE-8980B31B656D}.Debug|ARM64.ActiveCfg = Debug|Any CPU
		{83DD70F4-8AB3-43DA-80CE-8980B31B656D}.Debug|ARM64.Build.0 = Debug|Any CPU
		{83DD70F4-8AB3-43DA-80CE-8980B31B656D}.Debug|x64.ActiveCfg = Debug|Any CPU
		{83DD70F4-8AB3-43DA-80CE-8980B31B656D}.Debug|x64.Build.0 = Debug|Any CPU
		{83DD70F4-8AB3-43DA-80CE-8980B31B656D}.Debug|x86.ActiveCfg = Debug|Any CPU
		{83DD70F4-8AB3-43DA-80CE-8980B31B656D}.Debug|x86.Build.0 = Debug|Any CPU
		{83DD70F4-8AB3-43DA-80CE-8980B31B656D}.Release|Any CPU.ActiveCfg = Release|Any CPU
		{83DD70F4-8AB3-43DA-80CE-8980B31B656D}.Release|Any CPU.Build.0 = Release|Any CPU
		{83DD70F4-8AB3-43DA-80CE-8980B31B656D}.Release|ARM.ActiveCfg = Release|Any CPU
		{83DD70F4-8AB3-43DA-80CE-8980B31B656D}.Release|ARM.Build.0 = Release|Any CPU
		{83DD70F4-8AB3-43DA-80CE-8980B31B656D}.Release|ARM64.ActiveCfg = Release|Any CPU
		{83DD70F4-8AB3-43DA-80CE-8980B31B656D}.Release|ARM64.Build.0 = Release|Any CPU
		{83DD70F4-8AB3-43DA-80CE-8980B31B656D}.Release|x64.ActiveCfg = Release|Any CPU
		{83DD70F4-8AB3-43DA-80CE-8980B31B656D}.Release|x64.Build.0 = Release|Any CPU
		{83DD70F4-8AB3-43DA-80CE-8980B31B656D}.Release|x86.ActiveCfg = Release|Any CPU
		{83DD70F4-8AB3-43DA-80CE-8980B31B656D}.Release|x86.Build.0 = Release|Any CPU
		{EC930361-504F-4C31-9766-0937E81083DF}.Debug|Any CPU.ActiveCfg = Debug|Any CPU
		{EC930361-504F-4C31-9766-0937E81083DF}.Debug|Any CPU.Build.0 = Debug|Any CPU
		{EC930361-504F-4C31-9766-0937E81083DF}.Debug|ARM.ActiveCfg = Debug|Any CPU
		{EC930361-504F-4C31-9766-0937E81083DF}.Debug|ARM.Build.0 = Debug|Any CPU
		{EC930361-504F-4C31-9766-0937E81083DF}.Debug|ARM64.ActiveCfg = Debug|Any CPU
		{EC930361-504F-4C31-9766-0937E81083DF}.Debug|ARM64.Build.0 = Debug|Any CPU
		{EC930361-504F-4C31-9766-0937E81083DF}.Debug|x64.ActiveCfg = Debug|Any CPU
		{EC930361-504F-4C31-9766-0937E81083DF}.Debug|x64.Build.0 = Debug|Any CPU
		{EC930361-504F-4C31-9766-0937E81083DF}.Debug|x86.ActiveCfg = Debug|Any CPU
		{EC930361-504F-4C31-9766-0937E81083DF}.Debug|x86.Build.0 = Debug|Any CPU
		{EC930361-504F-4C31-9766-0937E81083DF}.Release|Any CPU.ActiveCfg = Release|Any CPU
		{EC930361-504F-4C31-9766-0937E81083DF}.Release|Any CPU.Build.0 = Release|Any CPU
		{EC930361-504F-4C31-9766-0937E81083DF}.Release|ARM.ActiveCfg = Release|Any CPU
		{EC930361-504F-4C31-9766-0937E81083DF}.Release|ARM.Build.0 = Release|Any CPU
		{EC930361-504F-4C31-9766-0937E81083DF}.Release|ARM64.ActiveCfg = Release|Any CPU
		{EC930361-504F-4C31-9766-0937E81083DF}.Release|ARM64.Build.0 = Release|Any CPU
		{EC930361-504F-4C31-9766-0937E81083DF}.Release|x64.ActiveCfg = Release|Any CPU
		{EC930361-504F-4C31-9766-0937E81083DF}.Release|x64.Build.0 = Release|Any CPU
		{EC930361-504F-4C31-9766-0937E81083DF}.Release|x86.ActiveCfg = Release|Any CPU
		{EC930361-504F-4C31-9766-0937E81083DF}.Release|x86.Build.0 = Release|Any CPU
	EndGlobalSection
	GlobalSection(SolutionProperties) = preSolution
		HideSolutionNode = FALSE
	EndGlobalSection
	GlobalSection(NestedProjects) = preSolution
		{35870995-0153-4812-AC2E-54FEAEB1F917} = {FCD27DA5-F29D-4F53-AB72-D7EFB6FFB3C3}
		{2523F92B-585F-44BC-AE1D-1F2B4BD53873} = {FCD27DA5-F29D-4F53-AB72-D7EFB6FFB3C3}
		{D8CCE83D-CA52-48DB-BC85-88935E5507D2} = {BAB184F0-04AF-4DCF-9ED5-E38ABE560E1F}
		{1A77EA4A-4FEA-4C70-B355-C2A89BB96640} = {96240C0B-F791-4307-9E8D-2827247D6EE3}
		{EC893DBF-C211-4148-92A7-8E6DE43EE903} = {96240C0B-F791-4307-9E8D-2827247D6EE3}
		{1495C81F-C035-47B4-BEBD-D0F60E12AE3C} = {FCD27DA5-F29D-4F53-AB72-D7EFB6FFB3C3}
		{81EF1257-C674-4BB3-A973-5DD499F630CA} = {96240C0B-F791-4307-9E8D-2827247D6EE3}
		{B4F831B6-02DE-4CAB-861F-764EDE26505F} = {FCD27DA5-F29D-4F53-AB72-D7EFB6FFB3C3}
		{C4CC4183-2FF7-4306-A035-261A23778A42} = {BAB184F0-04AF-4DCF-9ED5-E38ABE560E1F}
		{AE9D124E-81DB-4DEA-8614-D77D4799947C} = {BAB184F0-04AF-4DCF-9ED5-E38ABE560E1F}
		{533C6D83-4E0A-4B00-9402-5D8627836CA1} = {FCD27DA5-F29D-4F53-AB72-D7EFB6FFB3C3}
		{1ADD5D06-A9E9-4E1E-9E23-273C63CBC5DC} = {1403995B-BE86-4755-955B-B7219D42C289}
		{83DFD7DE-00C0-4F9C-A1D9-E9B86AA43325} = {07460BCB-8892-44D9-AD83-BE76669078AD}
		{9ACA8DBA-F7C7-449E-A074-BB0DA128AE65} = {1403995B-BE86-4755-955B-B7219D42C289}
		{F74F24FA-D92B-43CC-9E2C-0134BC6CC1F7} = {96240C0B-F791-4307-9E8D-2827247D6EE3}
		{D59EBECA-89CF-4F28-8445-DFE2A20C1DD9} = {07460BCB-8892-44D9-AD83-BE76669078AD}
		{A2BAEE45-25B0-44EE-BC27-FF82330FD6B3} = {75937694-67E3-455F-9E27-BAC2C309ED59}
		{3217D49B-1E45-4179-B3FB-FA99D28D0270} = {41A779D8-21D2-4981-AF00-4B98412D5C70}
		{56DDC16C-46AF-4EF4-A014-25BCC6A4E3C6} = {41A779D8-21D2-4981-AF00-4B98412D5C70}
		{0957406B-96A7-4A38-8B9D-0EA936A8C353} = {41A779D8-21D2-4981-AF00-4B98412D5C70}
		{FC10FB01-29DF-44EB-91CC-8D2A53F76BD3} = {41A779D8-21D2-4981-AF00-4B98412D5C70}
		{1DD1F791-F778-4CB5-8BCD-A05C73EE10CC} = {1403995B-BE86-4755-955B-B7219D42C289}
		{5A03A290-6674-4D5C-A2FE-776C52FCEB5A} = {1403995B-BE86-4755-955B-B7219D42C289}
		{F8D1EBEB-7559-45D5-A784-7D51C4AF67E8} = {1403995B-BE86-4755-955B-B7219D42C289}
		{FD9BC61C-11BB-469E-8180-DBDFAE882092} = {1403995B-BE86-4755-955B-B7219D42C289}
		{D6EE8295-CB5E-4F8E-B0EE-61C24CF5A5E9} = {1403995B-BE86-4755-955B-B7219D42C289}
		{78FA9CD6-2489-4A13-AEF1-F237453EDE81} = {5F735F2A-589E-4B92-BFCD-492C568B06E0}
		{6FFC40BD-34BA-48C1-BF90-C425E70DD696} = {5F735F2A-589E-4B92-BFCD-492C568B06E0}
		{AC35B4AF-02D5-4CFA-822C-4BCF5FD4DDAB} = {75937694-67E3-455F-9E27-BAC2C309ED59}
		{EA2A1CAF-1F8B-4532-83C6-F2A34245924F} = {75937694-67E3-455F-9E27-BAC2C309ED59}
		{2A263BF5-1263-4125-A77A-0D4CDEB389B4} = {96240C0B-F791-4307-9E8D-2827247D6EE3}
		{BA800A0C-A1AC-4A85-A97C-7D9EA8223338} = {1403995B-BE86-4755-955B-B7219D42C289}
		{2ED284FD-C753-42BF-8867-F5A594B92B76} = {1403995B-BE86-4755-955B-B7219D42C289}
		{2698150C-069E-48F3-9A84-B38E328AA30E} = {1403995B-BE86-4755-955B-B7219D42C289}
		{4D64189C-263C-4BDF-989C-362A586173E1} = {1403995B-BE86-4755-955B-B7219D42C289}
		{1CD6765C-9716-48EC-8912-9D7F36BBE65E} = {5F735F2A-589E-4B92-BFCD-492C568B06E0}
		{0DDEC9A9-B42B-40CA-8FC8-673F44318BC2} = {96240C0B-F791-4307-9E8D-2827247D6EE3}
		{42BA1A64-1D6E-4F93-9F33-558D3DF5DCCB} = {96240C0B-F791-4307-9E8D-2827247D6EE3}
		{94882563-519D-46FA-8F37-F26801B87B89} = {1403995B-BE86-4755-955B-B7219D42C289}
		{6DC068F6-6055-4E0A-9C55-75A78CA08575} = {75937694-67E3-455F-9E27-BAC2C309ED59}
		{83DD70F4-8AB3-43DA-80CE-8980B31B656D} = {75937694-67E3-455F-9E27-BAC2C309ED59}
		{EC930361-504F-4C31-9766-0937E81083DF} = {75937694-67E3-455F-9E27-BAC2C309ED59}
	EndGlobalSection
	GlobalSection(ExtensibilityGlobals) = postSolution
		SolutionGuid = {0DA00FED-8B25-4A09-BE8B-6AF1C4A55362}
	EndGlobalSection
EndGlobal
